// !$*UTF8*$!
{
	archiveVersion = 1;
	classes = {
	};
	objectVersion = 50;
	objects = {

/* Begin PBXBuildFile section */
		A40E33D023472D48009515B6 /* Account.swift in Sources */ = {isa = PBXBuildFile; fileRef = A40E33CF23472D48009515B6 /* Account.swift */; };
		A4638A202335F19F0071A2AF /* AppDelegate.swift in Sources */ = {isa = PBXBuildFile; fileRef = A4638A1F2335F19F0071A2AF /* AppDelegate.swift */; };
		A4638A222335F19F0071A2AF /* ViewController.swift in Sources */ = {isa = PBXBuildFile; fileRef = A4638A212335F19F0071A2AF /* ViewController.swift */; };
		A4638A252335F19F0071A2AF /* Main.storyboard in Resources */ = {isa = PBXBuildFile; fileRef = A4638A232335F19F0071A2AF /* Main.storyboard */; };
		A4638A272335F1A10071A2AF /* Assets.xcassets in Resources */ = {isa = PBXBuildFile; fileRef = A4638A262335F1A10071A2AF /* Assets.xcassets */; };
		A4638A2A2335F1A10071A2AF /* LaunchScreen.storyboard in Resources */ = {isa = PBXBuildFile; fileRef = A4638A282335F1A10071A2AF /* LaunchScreen.storyboard */; };
		A4638A352335F1A10071A2AF /* _______________Tests.swift in Sources */ = {isa = PBXBuildFile; fileRef = A4638A342335F1A10071A2AF /* _______________Tests.swift */; };
		A4638A402335F1A10071A2AF /* _______________UITests.swift in Sources */ = {isa = PBXBuildFile; fileRef = A4638A3F2335F1A10071A2AF /* _______________UITests.swift */; };
/* End PBXBuildFile section */

/* Begin PBXContainerItemProxy section */
		A4638A312335F1A10071A2AF /* PBXContainerItemProxy */ = {
			isa = PBXContainerItemProxy;
			containerPortal = A4638A142335F19F0071A2AF /* Project object */;
			proxyType = 1;
			remoteGlobalIDString = A4638A1B2335F19F0071A2AF;
			remoteInfo = "クラスプロパティメソッド";
		};
		A4638A3C2335F1A10071A2AF /* PBXContainerItemProxy */ = {
			isa = PBXContainerItemProxy;
			containerPortal = A4638A142335F19F0071A2AF /* Project object */;
			proxyType = 1;
			remoteGlobalIDString = A4638A1B2335F19F0071A2AF;
			remoteInfo = "クラスプロパティメソッド";
		};
/* End PBXContainerItemProxy section */

/* Begin PBXFileReference section */
		A40E33CF23472D48009515B6 /* Account.swift */ = {isa = PBXFileReference; lastKnownFileType = sourcecode.swift; path = Account.swift; sourceTree = "<group>"; };
		A4638A1C2335F19F0071A2AF /* 1-1-4.app */ = {isa = PBXFileReference; explicitFileType = wrapper.application; includeInIndex = 0; path = "1-1-4.app"; sourceTree = BUILT_PRODUCTS_DIR; };
		A4638A1F2335F19F0071A2AF /* AppDelegate.swift */ = {isa = PBXFileReference; lastKnownFileType = sourcecode.swift; path = AppDelegate.swift; sourceTree = "<group>"; };
		A4638A212335F19F0071A2AF /* ViewController.swift */ = {isa = PBXFileReference; lastKnownFileType = sourcecode.swift; path = ViewController.swift; sourceTree = "<group>"; };
		A4638A242335F19F0071A2AF /* Base */ = {isa = PBXFileReference; lastKnownFileType = file.storyboard; name = Base; path = Base.lproj/Main.storyboard; sourceTree = "<group>"; };
		A4638A262335F1A10071A2AF /* Assets.xcassets */ = {isa = PBXFileReference; lastKnownFileType = folder.assetcatalog; path = Assets.xcassets; sourceTree = "<group>"; };
		A4638A292335F1A10071A2AF /* Base */ = {isa = PBXFileReference; lastKnownFileType = file.storyboard; name = Base; path = Base.lproj/LaunchScreen.storyboard; sourceTree = "<group>"; };
		A4638A2B2335F1A10071A2AF /* Info.plist */ = {isa = PBXFileReference; lastKnownFileType = text.plist.xml; path = Info.plist; sourceTree = "<group>"; };
		A4638A302335F1A10071A2AF /* 1-1-4Tests.xctest */ = {isa = PBXFileReference; explicitFileType = wrapper.cfbundle; includeInIndex = 0; path = "1-1-4Tests.xctest"; sourceTree = BUILT_PRODUCTS_DIR; };
		A4638A342335F1A10071A2AF /* _______________Tests.swift */ = {isa = PBXFileReference; lastKnownFileType = sourcecode.swift; path = "_______________Tests.swift"; sourceTree = "<group>"; };
		A4638A362335F1A10071A2AF /* Info.plist */ = {isa = PBXFileReference; lastKnownFileType = text.plist.xml; path = Info.plist; sourceTree = "<group>"; };
		A4638A3B2335F1A10071A2AF /* 1-1-4UITests.xctest */ = {isa = PBXFileReference; explicitFileType = wrapper.cfbundle; includeInIndex = 0; path = "1-1-4UITests.xctest"; sourceTree = BUILT_PRODUCTS_DIR; };
		A4638A3F2335F1A10071A2AF /* _______________UITests.swift */ = {isa = PBXFileReference; lastKnownFileType = sourcecode.swift; path = "_______________UITests.swift"; sourceTree = "<group>"; };
		A4638A412335F1A10071A2AF /* Info.plist */ = {isa = PBXFileReference; lastKnownFileType = text.plist.xml; path = Info.plist; sourceTree = "<group>"; };
/* End PBXFileReference section */

/* Begin PBXFrameworksBuildPhase section */
		A4638A192335F19F0071A2AF /* Frameworks */ = {
			isa = PBXFrameworksBuildPhase;
			buildActionMask = 2147483647;
			files = (
			);
			runOnlyForDeploymentPostprocessing = 0;
		};
		A4638A2D2335F1A10071A2AF /* Frameworks */ = {
			isa = PBXFrameworksBuildPhase;
			buildActionMask = 2147483647;
			files = (
			);
			runOnlyForDeploymentPostprocessing = 0;
		};
		A4638A382335F1A10071A2AF /* Frameworks */ = {
			isa = PBXFrameworksBuildPhase;
			buildActionMask = 2147483647;
			files = (
			);
			runOnlyForDeploymentPostprocessing = 0;
		};
/* End PBXFrameworksBuildPhase section */

/* Begin PBXGroup section */
		A4638A132335F19F0071A2AF = {
			isa = PBXGroup;
			children = (
				A4638A1E2335F19F0071A2AF /* classpropatymethod */,
				A4638A332335F1A10071A2AF /* classpropatymethodTests */,
				A4638A3E2335F1A10071A2AF /* classpropatymethodUITests */,
				A4638A1D2335F19F0071A2AF /* Products */,
			);
			sourceTree = "<group>";
		};
		A4638A1D2335F19F0071A2AF /* Products */ = {
			isa = PBXGroup;
			children = (
				A4638A1C2335F19F0071A2AF /* 1-1-4.app */,
				A4638A302335F1A10071A2AF /* 1-1-4Tests.xctest */,
				A4638A3B2335F1A10071A2AF /* 1-1-4UITests.xctest */,
			);
			name = Products;
			sourceTree = "<group>";
		};
		A4638A1E2335F19F0071A2AF /* classpropatymethod */ = {
			isa = PBXGroup;
			children = (
				A4638A1F2335F19F0071A2AF /* AppDelegate.swift */,
				A4638A212335F19F0071A2AF /* ViewController.swift */,
				A40E33CF23472D48009515B6 /* Account.swift */,
				A4638A232335F19F0071A2AF /* Main.storyboard */,
				A4638A262335F1A10071A2AF /* Assets.xcassets */,
				A4638A282335F1A10071A2AF /* LaunchScreen.storyboard */,
				A4638A2B2335F1A10071A2AF /* Info.plist */,
			);
			path = classpropatymethod;
			sourceTree = "<group>";
		};
		A4638A332335F1A10071A2AF /* classpropatymethodTests */ = {
			isa = PBXGroup;
			children = (
				A4638A342335F1A10071A2AF /* _______________Tests.swift */,
				A4638A362335F1A10071A2AF /* Info.plist */,
			);
			path = classpropatymethodTests;
			sourceTree = "<group>";
		};
		A4638A3E2335F1A10071A2AF /* classpropatymethodUITests */ = {
			isa = PBXGroup;
			children = (
				A4638A3F2335F1A10071A2AF /* _______________UITests.swift */,
				A4638A412335F1A10071A2AF /* Info.plist */,
			);
			path = classpropatymethodUITests;
			sourceTree = "<group>";
		};
/* End PBXGroup section */

/* Begin PBXNativeTarget section */
		A4638A1B2335F19F0071A2AF /* 1-1-4 */ = {
			isa = PBXNativeTarget;
			buildConfigurationList = A4638A442335F1A10071A2AF /* Build configuration list for PBXNativeTarget "1-1-4" */;
			buildPhases = (
				A4638A182335F19F0071A2AF /* Sources */,
				A4638A192335F19F0071A2AF /* Frameworks */,
				A4638A1A2335F19F0071A2AF /* Resources */,
			);
			buildRules = (
			);
			dependencies = (
			);
			name = "1-1-4";
			productName = "クラスプロパティメソッド";
			productReference = A4638A1C2335F19F0071A2AF /* 1-1-4.app */;
			productType = "com.apple.product-type.application";
		};
		A4638A2F2335F1A10071A2AF /* 1-1-4Tests */ = {
			isa = PBXNativeTarget;
			buildConfigurationList = A4638A472335F1A10071A2AF /* Build configuration list for PBXNativeTarget "1-1-4Tests" */;
			buildPhases = (
				A4638A2C2335F1A10071A2AF /* Sources */,
				A4638A2D2335F1A10071A2AF /* Frameworks */,
				A4638A2E2335F1A10071A2AF /* Resources */,
			);
			buildRules = (
			);
			dependencies = (
				A4638A322335F1A10071A2AF /* PBXTargetDependency */,
			);
			name = "1-1-4Tests";
			productName = "クラスプロパティメソッドTests";
			productReference = A4638A302335F1A10071A2AF /* 1-1-4Tests.xctest */;
			productType = "com.apple.product-type.bundle.unit-test";
		};
		A4638A3A2335F1A10071A2AF /* 1-1-4UITests */ = {
			isa = PBXNativeTarget;
			buildConfigurationList = A4638A4A2335F1A10071A2AF /* Build configuration list for PBXNativeTarget "1-1-4UITests" */;
			buildPhases = (
				A4638A372335F1A10071A2AF /* Sources */,
				A4638A382335F1A10071A2AF /* Frameworks */,
				A4638A392335F1A10071A2AF /* Resources */,
			);
			buildRules = (
			);
			dependencies = (
				A4638A3D2335F1A10071A2AF /* PBXTargetDependency */,
			);
			name = "1-1-4UITests";
			productName = "クラスプロパティメソッドUITests";
			productReference = A4638A3B2335F1A10071A2AF /* 1-1-4UITests.xctest */;
			productType = "com.apple.product-type.bundle.ui-testing";
		};
/* End PBXNativeTarget section */

/* Begin PBXProject section */
		A4638A142335F19F0071A2AF /* Project object */ = {
			isa = PBXProject;
			attributes = {
				LastSwiftUpdateCheck = 1020;
				LastUpgradeCheck = 1020;
				ORGANIZATIONNAME = "入江真礼";
				TargetAttributes = {
					A4638A1B2335F19F0071A2AF = {
						CreatedOnToolsVersion = 10.2.1;
					};
					A4638A2F2335F1A10071A2AF = {
						CreatedOnToolsVersion = 10.2.1;
						TestTargetID = A4638A1B2335F19F0071A2AF;
					};
					A4638A3A2335F1A10071A2AF = {
						CreatedOnToolsVersion = 10.2.1;
						TestTargetID = A4638A1B2335F19F0071A2AF;
					};
				};
			};
			buildConfigurationList = A4638A172335F19F0071A2AF /* Build configuration list for PBXProject "1-1-4" */;
			compatibilityVersion = "Xcode 9.3";
			developmentRegion = en;
			hasScannedForEncodings = 0;
			knownRegions = (
				en,
				Base,
			);
			mainGroup = A4638A132335F19F0071A2AF;
			productRefGroup = A4638A1D2335F19F0071A2AF /* Products */;
			projectDirPath = "";
			projectRoot = "";
			targets = (
				A4638A1B2335F19F0071A2AF /* 1-1-4 */,
				A4638A2F2335F1A10071A2AF /* 1-1-4Tests */,
				A4638A3A2335F1A10071A2AF /* 1-1-4UITests */,
			);
		};
/* End PBXProject section */

/* Begin PBXResourcesBuildPhase section */
		A4638A1A2335F19F0071A2AF /* Resources */ = {
			isa = PBXResourcesBuildPhase;
			buildActionMask = 2147483647;
			files = (
				A4638A2A2335F1A10071A2AF /* LaunchScreen.storyboard in Resources */,
				A4638A272335F1A10071A2AF /* Assets.xcassets in Resources */,
				A4638A252335F19F0071A2AF /* Main.storyboard in Resources */,
			);
			runOnlyForDeploymentPostprocessing = 0;
		};
		A4638A2E2335F1A10071A2AF /* Resources */ = {
			isa = PBXResourcesBuildPhase;
			buildActionMask = 2147483647;
			files = (
			);
			runOnlyForDeploymentPostprocessing = 0;
		};
		A4638A392335F1A10071A2AF /* Resources */ = {
			isa = PBXResourcesBuildPhase;
			buildActionMask = 2147483647;
			files = (
			);
			runOnlyForDeploymentPostprocessing = 0;
		};
/* End PBXResourcesBuildPhase section */

/* Begin PBXSourcesBuildPhase section */
		A4638A182335F19F0071A2AF /* Sources */ = {
			isa = PBXSourcesBuildPhase;
			buildActionMask = 2147483647;
			files = (
				A4638A222335F19F0071A2AF /* ViewController.swift in Sources */,
				A4638A202335F19F0071A2AF /* AppDelegate.swift in Sources */,
				A40E33D023472D48009515B6 /* Account.swift in Sources */,
			);
			runOnlyForDeploymentPostprocessing = 0;
		};
		A4638A2C2335F1A10071A2AF /* Sources */ = {
			isa = PBXSourcesBuildPhase;
			buildActionMask = 2147483647;
			files = (
				A4638A352335F1A10071A2AF /* _______________Tests.swift in Sources */,
			);
			runOnlyForDeploymentPostprocessing = 0;
		};
		A4638A372335F1A10071A2AF /* Sources */ = {
			isa = PBXSourcesBuildPhase;
			buildActionMask = 2147483647;
			files = (
				A4638A402335F1A10071A2AF /* _______________UITests.swift in Sources */,
			);
			runOnlyForDeploymentPostprocessing = 0;
		};
/* End PBXSourcesBuildPhase section */

/* Begin PBXTargetDependency section */
		A4638A322335F1A10071A2AF /* PBXTargetDependency */ = {
			isa = PBXTargetDependency;
			target = A4638A1B2335F19F0071A2AF /* 1-1-4 */;
			targetProxy = A4638A312335F1A10071A2AF /* PBXContainerItemProxy */;
		};
		A4638A3D2335F1A10071A2AF /* PBXTargetDependency */ = {
			isa = PBXTargetDependency;
			target = A4638A1B2335F19F0071A2AF /* 1-1-4 */;
			targetProxy = A4638A3C2335F1A10071A2AF /* PBXContainerItemProxy */;
		};
/* End PBXTargetDependency section */

/* Begin PBXVariantGroup section */
		A4638A232335F19F0071A2AF /* Main.storyboard */ = {
			isa = PBXVariantGroup;
			children = (
				A4638A242335F19F0071A2AF /* Base */,
			);
			name = Main.storyboard;
			sourceTree = "<group>";
		};
		A4638A282335F1A10071A2AF /* LaunchScreen.storyboard */ = {
			isa = PBXVariantGroup;
			children = (
				A4638A292335F1A10071A2AF /* Base */,
			);
			name = LaunchScreen.storyboard;
			sourceTree = "<group>";
		};
/* End PBXVariantGroup section */

/* Begin XCBuildConfiguration section */
		A4638A422335F1A10071A2AF /* Debug */ = {
			isa = XCBuildConfiguration;
			buildSettings = {
				ALWAYS_SEARCH_USER_PATHS = NO;
				CLANG_ANALYZER_NONNULL = YES;
				CLANG_ANALYZER_NUMBER_OBJECT_CONVERSION = YES_AGGRESSIVE;
				CLANG_CXX_LANGUAGE_STANDARD = "gnu++14";
				CLANG_CXX_LIBRARY = "libc++";
				CLANG_ENABLE_MODULES = YES;
				CLANG_ENABLE_OBJC_ARC = YES;
				CLANG_ENABLE_OBJC_WEAK = YES;
				CLANG_WARN_BLOCK_CAPTURE_AUTORELEASING = YES;
				CLANG_WARN_BOOL_CONVERSION = YES;
				CLANG_WARN_COMMA = YES;
				CLANG_WARN_CONSTANT_CONVERSION = YES;
				CLANG_WARN_DEPRECATED_OBJC_IMPLEMENTATIONS = YES;
				CLANG_WARN_DIRECT_OBJC_ISA_USAGE = YES_ERROR;
				CLANG_WARN_DOCUMENTATION_COMMENTS = YES;
				CLANG_WARN_EMPTY_BODY = YES;
				CLANG_WARN_ENUM_CONVERSION = YES;
				CLANG_WARN_INFINITE_RECURSION = YES;
				CLANG_WARN_INT_CONVERSION = YES;
				CLANG_WARN_NON_LITERAL_NULL_CONVERSION = YES;
				CLANG_WARN_OBJC_IMPLICIT_RETAIN_SELF = YES;
				CLANG_WARN_OBJC_LITERAL_CONVERSION = YES;
				CLANG_WARN_OBJC_ROOT_CLASS = YES_ERROR;
				CLANG_WARN_RANGE_LOOP_ANALYSIS = YES;
				CLANG_WARN_STRICT_PROTOTYPES = YES;
				CLANG_WARN_SUSPICIOUS_MOVE = YES;
				CLANG_WARN_UNGUARDED_AVAILABILITY = YES_AGGRESSIVE;
				CLANG_WARN_UNREACHABLE_CODE = YES;
				CLANG_WARN__DUPLICATE_METHOD_MATCH = YES;
				CODE_SIGN_IDENTITY = "iPhone Developer";
				COPY_PHASE_STRIP = NO;
				DEBUG_INFORMATION_FORMAT = dwarf;
				ENABLE_STRICT_OBJC_MSGSEND = YES;
				ENABLE_TESTABILITY = YES;
				GCC_C_LANGUAGE_STANDARD = gnu11;
				GCC_DYNAMIC_NO_PIC = NO;
				GCC_NO_COMMON_BLOCKS = YES;
				GCC_OPTIMIZATION_LEVEL = 0;
				GCC_PREPROCESSOR_DEFINITIONS = (
					"DEBUG=1",
					"$(inherited)",
				);
				GCC_WARN_64_TO_32_BIT_CONVERSION = YES;
				GCC_WARN_ABOUT_RETURN_TYPE = YES_ERROR;
				GCC_WARN_UNDECLARED_SELECTOR = YES;
				GCC_WARN_UNINITIALIZED_AUTOS = YES_AGGRESSIVE;
				GCC_WARN_UNUSED_FUNCTION = YES;
				GCC_WARN_UNUSED_VARIABLE = YES;
				IPHONEOS_DEPLOYMENT_TARGET = 12.2;
				MTL_ENABLE_DEBUG_INFO = INCLUDE_SOURCE;
				MTL_FAST_MATH = YES;
				ONLY_ACTIVE_ARCH = YES;
				SDKROOT = iphoneos;
				SWIFT_ACTIVE_COMPILATION_CONDITIONS = DEBUG;
				SWIFT_OPTIMIZATION_LEVEL = "-Onone";
			};
			name = Debug;
		};
		A4638A432335F1A10071A2AF /* Release */ = {
			isa = XCBuildConfiguration;
			buildSettings = {
				ALWAYS_SEARCH_USER_PATHS = NO;
				CLANG_ANALYZER_NONNULL = YES;
				CLANG_ANALYZER_NUMBER_OBJECT_CONVERSION = YES_AGGRESSIVE;
				CLANG_CXX_LANGUAGE_STANDARD = "gnu++14";
				CLANG_CXX_LIBRARY = "libc++";
				CLANG_ENABLE_MODULES = YES;
				CLANG_ENABLE_OBJC_ARC = YES;
				CLANG_ENABLE_OBJC_WEAK = YES;
				CLANG_WARN_BLOCK_CAPTURE_AUTORELEASING = YES;
				CLANG_WARN_BOOL_CONVERSION = YES;
				CLANG_WARN_COMMA = YES;
				CLANG_WARN_CONSTANT_CONVERSION = YES;
				CLANG_WARN_DEPRECATED_OBJC_IMPLEMENTATIONS = YES;
				CLANG_WARN_DIRECT_OBJC_ISA_USAGE = YES_ERROR;
				CLANG_WARN_DOCUMENTATION_COMMENTS = YES;
				CLANG_WARN_EMPTY_BODY = YES;
				CLANG_WARN_ENUM_CONVERSION = YES;
				CLANG_WARN_INFINITE_RECURSION = YES;
				CLANG_WARN_INT_CONVERSION = YES;
				CLANG_WARN_NON_LITERAL_NULL_CONVERSION = YES;
				CLANG_WARN_OBJC_IMPLICIT_RETAIN_SELF = YES;
				CLANG_WARN_OBJC_LITERAL_CONVERSION = YES;
				CLANG_WARN_OBJC_ROOT_CLASS = YES_ERROR;
				CLANG_WARN_RANGE_LOOP_ANALYSIS = YES;
				CLANG_WARN_STRICT_PROTOTYPES = YES;
				CLANG_WARN_SUSPICIOUS_MOVE = YES;
				CLANG_WARN_UNGUARDED_AVAILABILITY = YES_AGGRESSIVE;
				CLANG_WARN_UNREACHABLE_CODE = YES;
				CLANG_WARN__DUPLICATE_METHOD_MATCH = YES;
				CODE_SIGN_IDENTITY = "iPhone Developer";
				COPY_PHASE_STRIP = NO;
				DEBUG_INFORMATION_FORMAT = "dwarf-with-dsym";
				ENABLE_NS_ASSERTIONS = NO;
				ENABLE_STRICT_OBJC_MSGSEND = YES;
				GCC_C_LANGUAGE_STANDARD = gnu11;
				GCC_NO_COMMON_BLOCKS = YES;
				GCC_WARN_64_TO_32_BIT_CONVERSION = YES;
				GCC_WARN_ABOUT_RETURN_TYPE = YES_ERROR;
				GCC_WARN_UNDECLARED_SELECTOR = YES;
				GCC_WARN_UNINITIALIZED_AUTOS = YES_AGGRESSIVE;
				GCC_WARN_UNUSED_FUNCTION = YES;
				GCC_WARN_UNUSED_VARIABLE = YES;
				IPHONEOS_DEPLOYMENT_TARGET = 12.2;
				MTL_ENABLE_DEBUG_INFO = NO;
				MTL_FAST_MATH = YES;
				SDKROOT = iphoneos;
				SWIFT_COMPILATION_MODE = wholemodule;
				SWIFT_OPTIMIZATION_LEVEL = "-O";
				VALIDATE_PRODUCT = YES;
			};
			name = Release;
		};
		A4638A452335F1A10071A2AF /* Debug */ = {
			isa = XCBuildConfiguration;
			buildSettings = {
				ASSETCATALOG_COMPILER_APPICON_NAME = AppIcon;
				CODE_SIGN_STYLE = Automatic;
				INFOPLIST_FILE = "$(SRCROOT)/classpropatymethod/Info.plist";
				LD_RUNPATH_SEARCH_PATHS = (
					"$(inherited)",
					"@executable_path/Frameworks",
				);
				PRODUCT_BUNDLE_IDENTIFIER = "jp.st-ventures.class";
				PRODUCT_NAME = "$(TARGET_NAME)";
				SWIFT_VERSION = 5.0;
				TARGETED_DEVICE_FAMILY = "1,2";
			};
			name = Debug;
		};
		A4638A462335F1A10071A2AF /* Release */ = {
			isa = XCBuildConfiguration;
			buildSettings = {
				ASSETCATALOG_COMPILER_APPICON_NAME = AppIcon;
				CODE_SIGN_STYLE = Automatic;
				INFOPLIST_FILE = "$(SRCROOT)/classpropatymethod/Info.plist";
				LD_RUNPATH_SEARCH_PATHS = (
					"$(inherited)",
					"@executable_path/Frameworks",
				);
				PRODUCT_BUNDLE_IDENTIFIER = "jp.st-ventures.class";
				PRODUCT_NAME = "$(TARGET_NAME)";
				SWIFT_VERSION = 5.0;
				TARGETED_DEVICE_FAMILY = "1,2";
			};
			name = Release;
		};
		A4638A482335F1A10071A2AF /* Debug */ = {
			isa = XCBuildConfiguration;
			buildSettings = {
				ALWAYS_EMBED_SWIFT_STANDARD_LIBRARIES = YES;
				BUNDLE_LOADER = "$(TEST_HOST)";
				CODE_SIGN_STYLE = Automatic;
				INFOPLIST_FILE = "クラスプロパティメソッドTests/Info.plist";
				LD_RUNPATH_SEARCH_PATHS = (
					"$(inherited)",
					"@executable_path/Frameworks",
					"@loader_path/Frameworks",
				);
				PRODUCT_BUNDLE_IDENTIFIER = "jp.st-ventures..---------------Tests";
				PRODUCT_NAME = "$(TARGET_NAME)";
				SWIFT_VERSION = 5.0;
				TARGETED_DEVICE_FAMILY = "1,2";
				TEST_HOST = "$(BUILT_PRODUCTS_DIR)/1-1-4.app/1-1-4";
			};
			name = Debug;
		};
		A4638A492335F1A10071A2AF /* Release */ = {
			isa = XCBuildConfiguration;
			buildSettings = {
				ALWAYS_EMBED_SWIFT_STANDARD_LIBRARIES = YES;
				BUNDLE_LOADER = "$(TEST_HOST)";
				CODE_SIGN_STYLE = Automatic;
				INFOPLIST_FILE = "クラスプロパティメソッドTests/Info.plist";
				LD_RUNPATH_SEARCH_PATHS = (
					"$(inherited)",
					"@executable_path/Frameworks",
					"@loader_path/Frameworks",
				);
				PRODUCT_BUNDLE_IDENTIFIER = "jp.st-ventures..---------------Tests";
				PRODUCT_NAME = "$(TARGET_NAME)";
				SWIFT_VERSION = 5.0;
				TARGETED_DEVICE_FAMILY = "1,2";
				TEST_HOST = "$(BUILT_PRODUCTS_DIR)/1-1-4.app/1-1-4";
			};
			name = Release;
		};
		A4638A4B2335F1A10071A2AF /* Debug */ = {
			isa = XCBuildConfiguration;
			buildSettings = {
				ALWAYS_EMBED_SWIFT_STANDARD_LIBRARIES = YES;
				CODE_SIGN_STYLE = Automatic;
				INFOPLIST_FILE = "クラスプロパティメソッドUITests/Info.plist";
				LD_RUNPATH_SEARCH_PATHS = (
					"$(inherited)",
					"@executable_path/Frameworks",
					"@loader_path/Frameworks",
				);
				PRODUCT_BUNDLE_IDENTIFIER = "jp.st-ventures..---------------UITests";
				PRODUCT_NAME = "$(TARGET_NAME)";
				SWIFT_VERSION = 5.0;
				TARGETED_DEVICE_FAMILY = "1,2";
				TEST_TARGET_NAME = "クラスプロパティメソッド";
			};
			name = Debug;
		};
		A4638A4C2335F1A10071A2AF /* Release */ = {
			isa = XCBuildConfiguration;
			buildSettings = {
				ALWAYS_EMBED_SWIFT_STANDARD_LIBRARIES = YES;
				CODE_SIGN_STYLE = Automatic;
				INFOPLIST_FILE = "クラスプロパティメソッドUITests/Info.plist";
				LD_RUNPATH_SEARCH_PATHS = (
					"$(inherited)",
					"@executable_path/Frameworks",
					"@loader_path/Frameworks",
				);
				PRODUCT_BUNDLE_IDENTIFIER = "jp.st-ventures..---------------UITests";
				PRODUCT_NAME = "$(TARGET_NAME)";
				SWIFT_VERSION = 5.0;
				TARGETED_DEVICE_FAMILY = "1,2";
				TEST_TARGET_NAME = "クラスプロパティメソッド";
			};
			name = Release;
		};
/* End XCBuildConfiguration section */

/* Begin XCConfigurationList section */
		A4638A172335F19F0071A2AF /* Build configuration list for PBXProject "1-1-4" */ = {
			isa = XCConfigurationList;
			buildConfigurations = (
				A4638A422335F1A10071A2AF /* Debug */,
				A4638A432335F1A10071A2AF /* Release */,
			);
			defaultConfigurationIsVisible = 0;
			defaultConfigurationName = Release;
		};
		A4638A442335F1A10071A2AF /* Build configuration list for PBXNativeTarget "1-1-4" */ = {
			isa = XCConfigurationList;
			buildConfigurations = (
				A4638A452335F1A10071A2AF /* Debug */,
				A4638A462335F1A10071A2AF /* Release */,
			);
			defaultConfigurationIsVisible = 0;
			defaultConfigurationName = Release;
		};
		A4638A472335F1A10071A2AF /* Build configuration list for PBXNativeTarget "1-1-4Tests" */ = {
			isa = XCConfigurationList;
			buildConfigurations = (
				A4638A482335F1A10071A2AF /* Debug */,
				A4638A492335F1A10071A2AF /* Release */,
			);
			defaultConfigurationIsVisible = 0;
			defaultConfigurationName = Release;
		};
		A4638A4A2335F1A10071A2AF /* Build configuration list for PBXNativeTarget "1-1-4UITests" */ = {
			isa = XCConfigurationList;
			buildConfigurations = (
				A4638A4B2335F1A10071A2AF /* Debug */,
				A4638A4C2335F1A10071A2AF /* Release */,
			);
			defaultConfigurationIsVisible = 0;
			defaultConfigurationName = Release;
		};
/* End XCConfigurationList section */
	};
	rootObject = A4638A142335F19F0071A2AF /* Project object */;
}
