// !$*UTF8*$!
{
	archiveVersion = 1;
	classes = {
	};
	objectVersion = 50;
	objects = {

/* Begin PBXBuildFile section */
		A479DCDC2365744B00E9F8E1 /* AppDelegate.swift in Sources */ = {isa = PBXBuildFile; fileRef = A479DCDB2365744B00E9F8E1 /* AppDelegate.swift */; };
		A479DCDE2365744B00E9F8E1 /* ViewController.swift in Sources */ = {isa = PBXBuildFile; fileRef = A479DCDD2365744B00E9F8E1 /* ViewController.swift */; };
		A479DCE12365744B00E9F8E1 /* Main.storyboard in Resources */ = {isa = PBXBuildFile; fileRef = A479DCDF2365744B00E9F8E1 /* Main.storyboard */; };
		A479DCE32365744D00E9F8E1 /* Assets.xcassets in Resources */ = {isa = PBXBuildFile; fileRef = A479DCE22365744D00E9F8E1 /* Assets.xcassets */; };
		A479DCE62365744D00E9F8E1 /* LaunchScreen.storyboard in Resources */ = {isa = PBXBuildFile; fileRef = A479DCE42365744D00E9F8E1 /* LaunchScreen.storyboard */; };
		A479DCF12365744D00E9F8E1 /* __1_5Tests.swift in Sources */ = {isa = PBXBuildFile; fileRef = A479DCF02365744D00E9F8E1 /* __1_5Tests.swift */; };
		A479DCFC2365744D00E9F8E1 /* __1_5UITests.swift in Sources */ = {isa = PBXBuildFile; fileRef = A479DCFB2365744D00E9F8E1 /* __1_5UITests.swift */; };
		A479DD0A2365764000E9F8E1 /* FavoriteProgrammingLanguageDelegate.swift in Sources */ = {isa = PBXBuildFile; fileRef = A479DD092365764000E9F8E1 /* FavoriteProgrammingLanguageDelegate.swift */; };
		A479DD0C2365766100E9F8E1 /* FavoriteProgrammingLanguage.swift in Sources */ = {isa = PBXBuildFile; fileRef = A479DD0B2365766100E9F8E1 /* FavoriteProgrammingLanguage.swift */; };
		A479DD0E2365767F00E9F8E1 /* Account.swift in Sources */ = {isa = PBXBuildFile; fileRef = A479DD0D2365767F00E9F8E1 /* Account.swift */; };
/* End PBXBuildFile section */

/* Begin PBXContainerItemProxy section */
		A479DCED2365744D00E9F8E1 /* PBXContainerItemProxy */ = {
			isa = PBXContainerItemProxy;
			containerPortal = A479DCD02365744B00E9F8E1 /* Project object */;
			proxyType = 1;
			remoteGlobalIDString = A479DCD72365744B00E9F8E1;
			remoteInfo = "1-1-5";
		};
		A479DCF82365744D00E9F8E1 /* PBXContainerItemProxy */ = {
			isa = PBXContainerItemProxy;
			containerPortal = A479DCD02365744B00E9F8E1 /* Project object */;
			proxyType = 1;
			remoteGlobalIDString = A479DCD72365744B00E9F8E1;
			remoteInfo = "1-1-5";
		};
/* End PBXContainerItemProxy section */

/* Begin PBXFileReference section */
		A479DCD82365744B00E9F8E1 /* 1-1-5.app */ = {isa = PBXFileReference; explicitFileType = wrapper.application; includeInIndex = 0; path = "1-1-5.app"; sourceTree = BUILT_PRODUCTS_DIR; };
		A479DCDB2365744B00E9F8E1 /* AppDelegate.swift */ = {isa = PBXFileReference; lastKnownFileType = sourcecode.swift; path = AppDelegate.swift; sourceTree = "<group>"; };
		A479DCDD2365744B00E9F8E1 /* ViewController.swift */ = {isa = PBXFileReference; lastKnownFileType = sourcecode.swift; path = ViewController.swift; sourceTree = "<group>"; };
		A479DCE02365744B00E9F8E1 /* Base */ = {isa = PBXFileReference; lastKnownFileType = file.storyboard; name = Base; path = Base.lproj/Main.storyboard; sourceTree = "<group>"; };
		A479DCE22365744D00E9F8E1 /* Assets.xcassets */ = {isa = PBXFileReference; lastKnownFileType = folder.assetcatalog; path = Assets.xcassets; sourceTree = "<group>"; };
		A479DCE52365744D00E9F8E1 /* Base */ = {isa = PBXFileReference; lastKnownFileType = file.storyboard; name = Base; path = Base.lproj/LaunchScreen.storyboard; sourceTree = "<group>"; };
		A479DCE72365744D00E9F8E1 /* Info.plist */ = {isa = PBXFileReference; lastKnownFileType = text.plist.xml; path = Info.plist; sourceTree = "<group>"; };
		A479DCEC2365744D00E9F8E1 /* 1-1-5Tests.xctest */ = {isa = PBXFileReference; explicitFileType = wrapper.cfbundle; includeInIndex = 0; path = "1-1-5Tests.xctest"; sourceTree = BUILT_PRODUCTS_DIR; };
		A479DCF02365744D00E9F8E1 /* __1_5Tests.swift */ = {isa = PBXFileReference; lastKnownFileType = sourcecode.swift; path = __1_5Tests.swift; sourceTree = "<group>"; };
		A479DCF22365744D00E9F8E1 /* Info.plist */ = {isa = PBXFileReference; lastKnownFileType = text.plist.xml; path = Info.plist; sourceTree = "<group>"; };
		A479DCF72365744D00E9F8E1 /* 1-1-5UITests.xctest */ = {isa = PBXFileReference; explicitFileType = wrapper.cfbundle; includeInIndex = 0; path = "1-1-5UITests.xctest"; sourceTree = BUILT_PRODUCTS_DIR; };
		A479DCFB2365744D00E9F8E1 /* __1_5UITests.swift */ = {isa = PBXFileReference; lastKnownFileType = sourcecode.swift; path = __1_5UITests.swift; sourceTree = "<group>"; };
		A479DCFD2365744D00E9F8E1 /* Info.plist */ = {isa = PBXFileReference; lastKnownFileType = text.plist.xml; path = Info.plist; sourceTree = "<group>"; };
		A479DD092365764000E9F8E1 /* FavoriteProgrammingLanguageDelegate.swift */ = {isa = PBXFileReference; lastKnownFileType = sourcecode.swift; path = FavoriteProgrammingLanguageDelegate.swift; sourceTree = "<group>"; };
		A479DD0B2365766100E9F8E1 /* FavoriteProgrammingLanguage.swift */ = {isa = PBXFileReference; lastKnownFileType = sourcecode.swift; path = FavoriteProgrammingLanguage.swift; sourceTree = "<group>"; };
		A479DD0D2365767F00E9F8E1 /* Account.swift */ = {isa = PBXFileReference; lastKnownFileType = sourcecode.swift; path = Account.swift; sourceTree = "<group>"; };
/* End PBXFileReference section */

/* Begin PBXFrameworksBuildPhase section */
		A479DCD52365744B00E9F8E1 /* Frameworks */ = {
			isa = PBXFrameworksBuildPhase;
			buildActionMask = 2147483647;
			files = (
			);
			runOnlyForDeploymentPostprocessing = 0;
		};
		A479DCE92365744D00E9F8E1 /* Frameworks */ = {
			isa = PBXFrameworksBuildPhase;
			buildActionMask = 2147483647;
			files = (
			);
			runOnlyForDeploymentPostprocessing = 0;
		};
		A479DCF42365744D00E9F8E1 /* Frameworks */ = {
			isa = PBXFrameworksBuildPhase;
			buildActionMask = 2147483647;
			files = (
			);
			runOnlyForDeploymentPostprocessing = 0;
		};
/* End PBXFrameworksBuildPhase section */

/* Begin PBXGroup section */
		A479DCCF2365744B00E9F8E1 = {
			isa = PBXGroup;
			children = (
				A479DCDA2365744B00E9F8E1 /* 1-1-5 */,
				A479DCEF2365744D00E9F8E1 /* 1-1-5Tests */,
				A479DCFA2365744D00E9F8E1 /* 1-1-5UITests */,
				A479DCD92365744B00E9F8E1 /* Products */,
			);
			sourceTree = "<group>";
		};
		A479DCD92365744B00E9F8E1 /* Products */ = {
			isa = PBXGroup;
			children = (
				A479DCD82365744B00E9F8E1 /* 1-1-5.app */,
				A479DCEC2365744D00E9F8E1 /* 1-1-5Tests.xctest */,
				A479DCF72365744D00E9F8E1 /* 1-1-5UITests.xctest */,
			);
			name = Products;
			sourceTree = "<group>";
		};
		A479DCDA2365744B00E9F8E1 /* 1-1-5 */ = {
			isa = PBXGroup;
			children = (
				A479DCDB2365744B00E9F8E1 /* AppDelegate.swift */,
				A479DCDD2365744B00E9F8E1 /* ViewController.swift */,
				A479DD092365764000E9F8E1 /* FavoriteProgrammingLanguageDelegate.swift */,
				A479DD0B2365766100E9F8E1 /* FavoriteProgrammingLanguage.swift */,
				A479DD0D2365767F00E9F8E1 /* Account.swift */,
				A479DCDF2365744B00E9F8E1 /* Main.storyboard */,
				A479DCE22365744D00E9F8E1 /* Assets.xcassets */,
				A479DCE42365744D00E9F8E1 /* LaunchScreen.storyboard */,
				A479DCE72365744D00E9F8E1 /* Info.plist */,
			);
			path = "1-1-5";
			sourceTree = "<group>";
		};
		A479DCEF2365744D00E9F8E1 /* 1-1-5Tests */ = {
			isa = PBXGroup;
			children = (
				A479DCF02365744D00E9F8E1 /* __1_5Tests.swift */,
				A479DCF22365744D00E9F8E1 /* Info.plist */,
			);
			path = "1-1-5Tests";
			sourceTree = "<group>";
		};
		A479DCFA2365744D00E9F8E1 /* 1-1-5UITests */ = {
			isa = PBXGroup;
			children = (
				A479DCFB2365744D00E9F8E1 /* __1_5UITests.swift */,
				A479DCFD2365744D00E9F8E1 /* Info.plist */,
			);
			path = "1-1-5UITests";
			sourceTree = "<group>";
		};
/* End PBXGroup section */

/* Begin PBXNativeTarget section */
		A479DCD72365744B00E9F8E1 /* 1-1-5 */ = {
			isa = PBXNativeTarget;
			buildConfigurationList = A479DD002365744D00E9F8E1 /* Build configuration list for PBXNativeTarget "1-1-5" */;
			buildPhases = (
				A479DCD42365744B00E9F8E1 /* Sources */,
				A479DCD52365744B00E9F8E1 /* Frameworks */,
				A479DCD62365744B00E9F8E1 /* Resources */,
			);
			buildRules = (
			);
			dependencies = (
			);
			name = "1-1-5";
			productName = "1-1-5";
			productReference = A479DCD82365744B00E9F8E1 /* 1-1-5.app */;
			productType = "com.apple.product-type.application";
		};
		A479DCEB2365744D00E9F8E1 /* 1-1-5Tests */ = {
			isa = PBXNativeTarget;
			buildConfigurationList = A479DD032365744D00E9F8E1 /* Build configuration list for PBXNativeTarget "1-1-5Tests" */;
			buildPhases = (
				A479DCE82365744D00E9F8E1 /* Sources */,
				A479DCE92365744D00E9F8E1 /* Frameworks */,
				A479DCEA2365744D00E9F8E1 /* Resources */,
			);
			buildRules = (
			);
			dependencies = (
				A479DCEE2365744D00E9F8E1 /* PBXTargetDependency */,
			);
			name = "1-1-5Tests";
			productName = "1-1-5Tests";
			productReference = A479DCEC2365744D00E9F8E1 /* 1-1-5Tests.xctest */;
			productType = "com.apple.product-type.bundle.unit-test";
		};
		A479DCF62365744D00E9F8E1 /* 1-1-5UITests */ = {
			isa = PBXNativeTarget;
			buildConfigurationList = A479DD062365744D00E9F8E1 /* Build configuration list for PBXNativeTarget "1-1-5UITests" */;
			buildPhases = (
				A479DCF32365744D00E9F8E1 /* Sources */,
				A479DCF42365744D00E9F8E1 /* Frameworks */,
				A479DCF52365744D00E9F8E1 /* Resources */,
			);
			buildRules = (
			);
			dependencies = (
				A479DCF92365744D00E9F8E1 /* PBXTargetDependency */,
			);
			name = "1-1-5UITests";
			productName = "1-1-5UITests";
			productReference = A479DCF72365744D00E9F8E1 /* 1-1-5UITests.xctest */;
			productType = "com.apple.product-type.bundle.ui-testing";
		};
/* End PBXNativeTarget section */

/* Begin PBXProject section */
		A479DCD02365744B00E9F8E1 /* Project object */ = {
			isa = PBXProject;
			attributes = {
				LastSwiftUpdateCheck = 1020;
				LastUpgradeCheck = 1020;
				ORGANIZATIONNAME = "入江真礼";
				TargetAttributes = {
					A479DCD72365744B00E9F8E1 = {
						CreatedOnToolsVersion = 10.2.1;
					};
					A479DCEB2365744D00E9F8E1 = {
						CreatedOnToolsVersion = 10.2.1;
						TestTargetID = A479DCD72365744B00E9F8E1;
					};
					A479DCF62365744D00E9F8E1 = {
						CreatedOnToolsVersion = 10.2.1;
						TestTargetID = A479DCD72365744B00E9F8E1;
					};
				};
			};
			buildConfigurationList = A479DCD32365744B00E9F8E1 /* Build configuration list for PBXProject "1-1-5" */;
			compatibilityVersion = "Xcode 9.3";
			developmentRegion = en;
			hasScannedForEncodings = 0;
			knownRegions = (
				en,
				Base,
			);
			mainGroup = A479DCCF2365744B00E9F8E1;
			productRefGroup = A479DCD92365744B00E9F8E1 /* Products */;
			projectDirPath = "";
			projectRoot = "";
			targets = (
				A479DCD72365744B00E9F8E1 /* 1-1-5 */,
				A479DCEB2365744D00E9F8E1 /* 1-1-5Tests */,
				A479DCF62365744D00E9F8E1 /* 1-1-5UITests */,
			);
		};
/* End PBXProject section */

/* Begin PBXResourcesBuildPhase section */
		A479DCD62365744B00E9F8E1 /* Resources */ = {
			isa = PBXResourcesBuildPhase;
			buildActionMask = 2147483647;
			files = (
				A479DCE62365744D00E9F8E1 /* LaunchScreen.storyboard in Resources */,
				A479DCE32365744D00E9F8E1 /* Assets.xcassets in Resources */,
				A479DCE12365744B00E9F8E1 /* Main.storyboard in Resources */,
			);
			runOnlyForDeploymentPostprocessing = 0;
		};
		A479DCEA2365744D00E9F8E1 /* Resources */ = {
			isa = PBXResourcesBuildPhase;
			buildActionMask = 2147483647;
			files = (
			);
			runOnlyForDeploymentPostprocessing = 0;
		};
		A479DCF52365744D00E9F8E1 /* Resources */ = {
			isa = PBXResourcesBuildPhase;
			buildActionMask = 2147483647;
			files = (
			);
			runOnlyForDeploymentPostprocessing = 0;
		};
/* End PBXResourcesBuildPhase section */

/* Begin PBXSourcesBuildPhase section */
		A479DCD42365744B00E9F8E1 /* Sources */ = {
			isa = PBXSourcesBuildPhase;
			buildActionMask = 2147483647;
			files = (
				A479DD0E2365767F00E9F8E1 /* Account.swift in Sources */,
				A479DCDE2365744B00E9F8E1 /* ViewController.swift in Sources */,
				A479DD0C2365766100E9F8E1 /* FavoriteProgrammingLanguage.swift in Sources */,
				A479DCDC2365744B00E9F8E1 /* AppDelegate.swift in Sources */,
				A479DD0A2365764000E9F8E1 /* FavoriteProgrammingLanguageDelegate.swift in Sources */,
			);
			runOnlyForDeploymentPostprocessing = 0;
		};
		A479DCE82365744D00E9F8E1 /* Sources */ = {
			isa = PBXSourcesBuildPhase;
			buildActionMask = 2147483647;
			files = (
				A479DCF12365744D00E9F8E1 /* __1_5Tests.swift in Sources */,
			);
			runOnlyForDeploymentPostprocessing = 0;
		};
		A479DCF32365744D00E9F8E1 /* Sources */ = {
			isa = PBXSourcesBuildPhase;
			buildActionMask = 2147483647;
			files = (
				A479DCFC2365744D00E9F8E1 /* __1_5UITests.swift in Sources */,
			);
			runOnlyForDeploymentPostprocessing = 0;
		};
/* End PBXSourcesBuildPhase section */

/* Begin PBXTargetDependency section */
		A479DCEE2365744D00E9F8E1 /* PBXTargetDependency */ = {
			isa = PBXTargetDependency;
			target = A479DCD72365744B00E9F8E1 /* 1-1-5 */;
			targetProxy = A479DCED2365744D00E9F8E1 /* PBXContainerItemProxy */;
		};
		A479DCF92365744D00E9F8E1 /* PBXTargetDependency */ = {
			isa = PBXTargetDependency;
			target = A479DCD72365744B00E9F8E1 /* 1-1-5 */;
			targetProxy = A479DCF82365744D00E9F8E1 /* PBXContainerItemProxy */;
		};
/* End PBXTargetDependency section */

/* Begin PBXVariantGroup section */
		A479DCDF2365744B00E9F8E1 /* Main.storyboard */ = {
			isa = PBXVariantGroup;
			children = (
				A479DCE02365744B00E9F8E1 /* Base */,
			);
			name = Main.storyboard;
			sourceTree = "<group>";
		};
		A479DCE42365744D00E9F8E1 /* LaunchScreen.storyboard */ = {
			isa = PBXVariantGroup;
			children = (
				A479DCE52365744D00E9F8E1 /* Base */,
			);
			name = LaunchScreen.storyboard;
			sourceTree = "<group>";
		};
/* End PBXVariantGroup section */

/* Begin XCBuildConfiguration section */
		A479DCFE2365744D00E9F8E1 /* Debug */ = {
			isa = XCBuildConfiguration;
			buildSettings = {
				ALWAYS_SEARCH_USER_PATHS = NO;
				CLANG_ANALYZER_NONNULL = YES;
				CLANG_ANALYZER_NUMBER_OBJECT_CONVERSION = YES_AGGRESSIVE;
				CLANG_CXX_LANGUAGE_STANDARD = "gnu++14";
				CLANG_CXX_LIBRARY = "libc++";
				CLANG_ENABLE_MODULES = YES;
				CLANG_ENABLE_OBJC_ARC = YES;
				CLANG_ENABLE_OBJC_WEAK = YES;
				CLANG_WARN_BLOCK_CAPTURE_AUTORELEASING = YES;
				CLANG_WARN_BOOL_CONVERSION = YES;
				CLANG_WARN_COMMA = YES;
				CLANG_WARN_CONSTANT_CONVERSION = YES;
				CLANG_WARN_DEPRECATED_OBJC_IMPLEMENTATIONS = YES;
				CLANG_WARN_DIRECT_OBJC_ISA_USAGE = YES_ERROR;
				CLANG_WARN_DOCUMENTATION_COMMENTS = YES;
				CLANG_WARN_EMPTY_BODY = YES;
				CLANG_WARN_ENUM_CONVERSION = YES;
				CLANG_WARN_INFINITE_RECURSION = YES;
				CLANG_WARN_INT_CONVERSION = YES;
				CLANG_WARN_NON_LITERAL_NULL_CONVERSION = YES;
				CLANG_WARN_OBJC_IMPLICIT_RETAIN_SELF = YES;
				CLANG_WARN_OBJC_LITERAL_CONVERSION = YES;
				CLANG_WARN_OBJC_ROOT_CLASS = YES_ERROR;
				CLANG_WARN_RANGE_LOOP_ANALYSIS = YES;
				CLANG_WARN_STRICT_PROTOTYPES = YES;
				CLANG_WARN_SUSPICIOUS_MOVE = YES;
				CLANG_WARN_UNGUARDED_AVAILABILITY = YES_AGGRESSIVE;
				CLANG_WARN_UNREACHABLE_CODE = YES;
				CLANG_WARN__DUPLICATE_METHOD_MATCH = YES;
				CODE_SIGN_IDENTITY = "iPhone Developer";
				COPY_PHASE_STRIP = NO;
				DEBUG_INFORMATION_FORMAT = dwarf;
				ENABLE_STRICT_OBJC_MSGSEND = YES;
				ENABLE_TESTABILITY = YES;
				GCC_C_LANGUAGE_STANDARD = gnu11;
				GCC_DYNAMIC_NO_PIC = NO;
				GCC_NO_COMMON_BLOCKS = YES;
				GCC_OPTIMIZATION_LEVEL = 0;
				GCC_PREPROCESSOR_DEFINITIONS = (
					"DEBUG=1",
					"$(inherited)",
				);
				GCC_WARN_64_TO_32_BIT_CONVERSION = YES;
				GCC_WARN_ABOUT_RETURN_TYPE = YES_ERROR;
				GCC_WARN_UNDECLARED_SELECTOR = YES;
				GCC_WARN_UNINITIALIZED_AUTOS = YES_AGGRESSIVE;
				GCC_WARN_UNUSED_FUNCTION = YES;
				GCC_WARN_UNUSED_VARIABLE = YES;
				IPHONEOS_DEPLOYMENT_TARGET = 12.2;
				MTL_ENABLE_DEBUG_INFO = INCLUDE_SOURCE;
				MTL_FAST_MATH = YES;
				ONLY_ACTIVE_ARCH = YES;
				SDKROOT = iphoneos;
				SWIFT_ACTIVE_COMPILATION_CONDITIONS = DEBUG;
				SWIFT_OPTIMIZATION_LEVEL = "-Onone";
			};
			name = Debug;
		};
		A479DCFF2365744D00E9F8E1 /* Release */ = {
			isa = XCBuildConfiguration;
			buildSettings = {
				ALWAYS_SEARCH_USER_PATHS = NO;
				CLANG_ANALYZER_NONNULL = YES;
				CLANG_ANALYZER_NUMBER_OBJECT_CONVERSION = YES_AGGRESSIVE;
				CLANG_CXX_LANGUAGE_STANDARD = "gnu++14";
				CLANG_CXX_LIBRARY = "libc++";
				CLANG_ENABLE_MODULES = YES;
				CLANG_ENABLE_OBJC_ARC = YES;
				CLANG_ENABLE_OBJC_WEAK = YES;
				CLANG_WARN_BLOCK_CAPTURE_AUTORELEASING = YES;
				CLANG_WARN_BOOL_CONVERSION = YES;
				CLANG_WARN_COMMA = YES;
				CLANG_WARN_CONSTANT_CONVERSION = YES;
				CLANG_WARN_DEPRECATED_OBJC_IMPLEMENTATIONS = YES;
				CLANG_WARN_DIRECT_OBJC_ISA_USAGE = YES_ERROR;
				CLANG_WARN_DOCUMENTATION_COMMENTS = YES;
				CLANG_WARN_EMPTY_BODY = YES;
				CLANG_WARN_ENUM_CONVERSION = YES;
				CLANG_WARN_INFINITE_RECURSION = YES;
				CLANG_WARN_INT_CONVERSION = YES;
				CLANG_WARN_NON_LITERAL_NULL_CONVERSION = YES;
				CLANG_WARN_OBJC_IMPLICIT_RETAIN_SELF = YES;
				CLANG_WARN_OBJC_LITERAL_CONVERSION = YES;
				CLANG_WARN_OBJC_ROOT_CLASS = YES_ERROR;
				CLANG_WARN_RANGE_LOOP_ANALYSIS = YES;
				CLANG_WARN_STRICT_PROTOTYPES = YES;
				CLANG_WARN_SUSPICIOUS_MOVE = YES;
				CLANG_WARN_UNGUARDED_AVAILABILITY = YES_AGGRESSIVE;
				CLANG_WARN_UNREACHABLE_CODE = YES;
				CLANG_WARN__DUPLICATE_METHOD_MATCH = YES;
				CODE_SIGN_IDENTITY = "iPhone Developer";
				COPY_PHASE_STRIP = NO;
				DEBUG_INFORMATION_FORMAT = "dwarf-with-dsym";
				ENABLE_NS_ASSERTIONS = NO;
				ENABLE_STRICT_OBJC_MSGSEND = YES;
				GCC_C_LANGUAGE_STANDARD = gnu11;
				GCC_NO_COMMON_BLOCKS = YES;
				GCC_WARN_64_TO_32_BIT_CONVERSION = YES;
				GCC_WARN_ABOUT_RETURN_TYPE = YES_ERROR;
				GCC_WARN_UNDECLARED_SELECTOR = YES;
				GCC_WARN_UNINITIALIZED_AUTOS = YES_AGGRESSIVE;
				GCC_WARN_UNUSED_FUNCTION = YES;
				GCC_WARN_UNUSED_VARIABLE = YES;
				IPHONEOS_DEPLOYMENT_TARGET = 12.2;
				MTL_ENABLE_DEBUG_INFO = NO;
				MTL_FAST_MATH = YES;
				SDKROOT = iphoneos;
				SWIFT_COMPILATION_MODE = wholemodule;
				SWIFT_OPTIMIZATION_LEVEL = "-O";
				VALIDATE_PRODUCT = YES;
			};
			name = Release;
		};
		A479DD012365744D00E9F8E1 /* Debug */ = {
			isa = XCBuildConfiguration;
			buildSettings = {
				ASSETCATALOG_COMPILER_APPICON_NAME = AppIcon;
				CODE_SIGN_STYLE = Automatic;
				DEVELOPMENT_TEAM = PCCZJUYRT6;
				INFOPLIST_FILE = "1-1-5/Info.plist";
				LD_RUNPATH_SEARCH_PATHS = (
					"$(inherited)",
					"@executable_path/Frameworks",
				);
				PRODUCT_BUNDLE_IDENTIFIER = "jp.st-ventures..--1-5";
				PRODUCT_NAME = "$(TARGET_NAME)";
				SWIFT_VERSION = 5.0;
				TARGETED_DEVICE_FAMILY = "1,2";
			};
			name = Debug;
		};
		A479DD022365744D00E9F8E1 /* Release */ = {
			isa = XCBuildConfiguration;
			buildSettings = {
				ASSETCATALOG_COMPILER_APPICON_NAME = AppIcon;
				CODE_SIGN_STYLE = Automatic;
				DEVELOPMENT_TEAM = PCCZJUYRT6;
				INFOPLIST_FILE = "1-1-5/Info.plist";
				LD_RUNPATH_SEARCH_PATHS = (
					"$(inherited)",
					"@executable_path/Frameworks",
				);
				PRODUCT_BUNDLE_IDENTIFIER = "jp.st-ventures..--1-5";
				PRODUCT_NAME = "$(TARGET_NAME)";
				SWIFT_VERSION = 5.0;
				TARGETED_DEVICE_FAMILY = "1,2";
			};
			name = Release;
		};
		A479DD042365744D00E9F8E1 /* Debug */ = {
			isa = XCBuildConfiguration;
			buildSettings = {
				ALWAYS_EMBED_SWIFT_STANDARD_LIBRARIES = YES;
				BUNDLE_LOADER = "$(TEST_HOST)";
				CODE_SIGN_STYLE = Automatic;
				DEVELOPMENT_TEAM = PCCZJUYRT6;
				INFOPLIST_FILE = "1-1-5Tests/Info.plist";
				LD_RUNPATH_SEARCH_PATHS = (
					"$(inherited)",
					"@executable_path/Frameworks",
					"@loader_path/Frameworks",
				);
				PRODUCT_BUNDLE_IDENTIFIER = "jp.st-ventures..--1-5Tests";
				PRODUCT_NAME = "$(TARGET_NAME)";
				SWIFT_VERSION = 5.0;
				TARGETED_DEVICE_FAMILY = "1,2";
				TEST_HOST = "$(BUILT_PRODUCTS_DIR)/1-1-5.app/1-1-5";
			};
			name = Debug;
		};
		A479DD052365744D00E9F8E1 /* Release */ = {
			isa = XCBuildConfiguration;
			buildSettings = {
				ALWAYS_EMBED_SWIFT_STANDARD_LIBRARIES = YES;
				BUNDLE_LOADER = "$(TEST_HOST)";
				CODE_SIGN_STYLE = Automatic;
				DEVELOPMENT_TEAM = PCCZJUYRT6;
				INFOPLIST_FILE = "1-1-5Tests/Info.plist";
				LD_RUNPATH_SEARCH_PATHS = (
					"$(inherited)",
					"@executable_path/Frameworks",
					"@loader_path/Frameworks",
				);
				PRODUCT_BUNDLE_IDENTIFIER = "jp.st-ventures..--1-5Tests";
				PRODUCT_NAME = "$(TARGET_NAME)";
				SWIFT_VERSION = 5.0;
				TARGETED_DEVICE_FAMILY = "1,2";
				TEST_HOST = "$(BUILT_PRODUCTS_DIR)/1-1-5.app/1-1-5";
			};
			name = Release;
		};
		A479DD072365744D00E9F8E1 /* Debug */ = {
			isa = XCBuildConfiguration;
			buildSettings = {
				ALWAYS_EMBED_SWIFT_STANDARD_LIBRARIES = YES;
				CODE_SIGN_STYLE = Automatic;
				DEVELOPMENT_TEAM = PCCZJUYRT6;
				INFOPLIST_FILE = "1-1-5UITests/Info.plist";
				LD_RUNPATH_SEARCH_PATHS = (
					"$(inherited)",
					"@executable_path/Frameworks",
					"@loader_path/Frameworks",
				);
				PRODUCT_BUNDLE_IDENTIFIER = "jp.st-ventures..--1-5UITests";
				PRODUCT_NAME = "$(TARGET_NAME)";
				SWIFT_VERSION = 5.0;
				TARGETED_DEVICE_FAMILY = "1,2";
				TEST_TARGET_NAME = "1-1-5";
			};
			name = Debug;
		};
		A479DD082365744D00E9F8E1 /* Release */ = {
			isa = XCBuildConfiguration;
			buildSettings = {
				ALWAYS_EMBED_SWIFT_STANDARD_LIBRARIES = YES;
				CODE_SIGN_STYLE = Automatic;
				DEVELOPMENT_TEAM = PCCZJUYRT6;
				INFOPLIST_FILE = "1-1-5UITests/Info.plist";
				LD_RUNPATH_SEARCH_PATHS = (
					"$(inherited)",
					"@executable_path/Frameworks",
					"@loader_path/Frameworks",
				);
				PRODUCT_BUNDLE_IDENTIFIER = "jp.st-ventures..--1-5UITests";
				PRODUCT_NAME = "$(TARGET_NAME)";
				SWIFT_VERSION = 5.0;
				TARGETED_DEVICE_FAMILY = "1,2";
				TEST_TARGET_NAME = "1-1-5";
			};
			name = Release;
		};
/* End XCBuildConfiguration section */

/* Begin XCConfigurationList section */
		A479DCD32365744B00E9F8E1 /* Build configuration list for PBXProject "1-1-5" */ = {
			isa = XCConfigurationList;
			buildConfigurations = (
				A479DCFE2365744D00E9F8E1 /* Debug */,
				A479DCFF2365744D00E9F8E1 /* Release */,
			);
			defaultConfigurationIsVisible = 0;
			defaultConfigurationName = Release;
		};
		A479DD002365744D00E9F8E1 /* Build configuration list for PBXNativeTarget "1-1-5" */ = {
			isa = XCConfigurationList;
			buildConfigurations = (
				A479DD012365744D00E9F8E1 /* Debug */,
				A479DD022365744D00E9F8E1 /* Release */,
			);
			defaultConfigurationIsVisible = 0;
			defaultConfigurationName = Release;
		};
		A479DD032365744D00E9F8E1 /* Build configuration list for PBXNativeTarget "1-1-5Tests" */ = {
			isa = XCConfigurationList;
			buildConfigurations = (
				A479DD042365744D00E9F8E1 /* Debug */,
				A479DD052365744D00E9F8E1 /* Release */,
			);
			defaultConfigurationIsVisible = 0;
			defaultConfigurationName = Release;
		};
		A479DD062365744D00E9F8E1 /* Build configuration list for PBXNativeTarget "1-1-5UITests" */ = {
			isa = XCConfigurationList;
			buildConfigurations = (
				A479DD072365744D00E9F8E1 /* Debug */,
				A479DD082365744D00E9F8E1 /* Release */,
			);
			defaultConfigurationIsVisible = 0;
			defaultConfigurationName = Release;
		};
/* End XCConfigurationList section */
	};
	rootObject = A479DCD02365744B00E9F8E1 /* Project object */;
}
