// !$*UTF8*$!
{
	archiveVersion = 1;
	classes = {
	};
	objectVersion = 50;
	objects = {

/* Begin PBXBuildFile section */
		36976A9EABC9AFAC392B8F55 /* Pods_2_4_7.framework in Frameworks */ = {isa = PBXBuildFile; fileRef = 95C4E6FDDDB66AC1213BFF7A /* Pods_2_4_7.framework */; };
		A27A07896406704CD2553606 /* Pods_2_4_7Tests.framework in Frameworks */ = {isa = PBXBuildFile; fileRef = 4DC6F1E583D12BFC9F3EC8D3 /* Pods_2_4_7Tests.framework */; };
		A479DD5E23685D4600E9F8E1 /* AppDelegate.swift in Sources */ = {isa = PBXBuildFile; fileRef = A479DD5D23685D4600E9F8E1 /* AppDelegate.swift */; };
		A479DD6023685D4600E9F8E1 /* ViewController.swift in Sources */ = {isa = PBXBuildFile; fileRef = A479DD5F23685D4600E9F8E1 /* ViewController.swift */; };
		A479DD6323685D4600E9F8E1 /* Main.storyboard in Resources */ = {isa = PBXBuildFile; fileRef = A479DD6123685D4600E9F8E1 /* Main.storyboard */; };
		A479DD6523685D4700E9F8E1 /* Assets.xcassets in Resources */ = {isa = PBXBuildFile; fileRef = A479DD6423685D4700E9F8E1 /* Assets.xcassets */; };
		A479DD6823685D4700E9F8E1 /* LaunchScreen.storyboard in Resources */ = {isa = PBXBuildFile; fileRef = A479DD6623685D4700E9F8E1 /* LaunchScreen.storyboard */; };
		A479DD7323685D4700E9F8E1 /* __4_7Tests.swift in Sources */ = {isa = PBXBuildFile; fileRef = A479DD7223685D4700E9F8E1 /* __4_7Tests.swift */; };
		A479DD7E23685D4700E9F8E1 /* __4_7UITests.swift in Sources */ = {isa = PBXBuildFile; fileRef = A479DD7D23685D4700E9F8E1 /* __4_7UITests.swift */; };
		DB05DC5B0660A01BAB274455 /* Pods_2_4_7_2_4_7UITests.framework in Frameworks */ = {isa = PBXBuildFile; fileRef = EF8CE3D7CD21BEE91B9F834F /* Pods_2_4_7_2_4_7UITests.framework */; };
/* End PBXBuildFile section */

/* Begin PBXContainerItemProxy section */
		A479DD6F23685D4700E9F8E1 /* PBXContainerItemProxy */ = {
			isa = PBXContainerItemProxy;
			containerPortal = A479DD5223685D4600E9F8E1 /* Project object */;
			proxyType = 1;
			remoteGlobalIDString = A479DD5923685D4600E9F8E1;
			remoteInfo = "2-4-7";
		};
		A479DD7A23685D4700E9F8E1 /* PBXContainerItemProxy */ = {
			isa = PBXContainerItemProxy;
			containerPortal = A479DD5223685D4600E9F8E1 /* Project object */;
			proxyType = 1;
			remoteGlobalIDString = A479DD5923685D4600E9F8E1;
			remoteInfo = "2-4-7";
		};
/* End PBXContainerItemProxy section */

/* Begin PBXFileReference section */
		119A189DD00905134B65EA64 /* Pods-2-4-7Tests.release.xcconfig */ = {isa = PBXFileReference; includeInIndex = 1; lastKnownFileType = text.xcconfig; name = "Pods-2-4-7Tests.release.xcconfig"; path = "Target Support Files/Pods-2-4-7Tests/Pods-2-4-7Tests.release.xcconfig"; sourceTree = "<group>"; };
		2C3E99CDB7CEB5F387713F28 /* Pods-2-4-7.release.xcconfig */ = {isa = PBXFileReference; includeInIndex = 1; lastKnownFileType = text.xcconfig; name = "Pods-2-4-7.release.xcconfig"; path = "Target Support Files/Pods-2-4-7/Pods-2-4-7.release.xcconfig"; sourceTree = "<group>"; };
		4DC6F1E583D12BFC9F3EC8D3 /* Pods_2_4_7Tests.framework */ = {isa = PBXFileReference; explicitFileType = wrapper.framework; includeInIndex = 0; path = Pods_2_4_7Tests.framework; sourceTree = BUILT_PRODUCTS_DIR; };
		628CC5D36942A48F1568597B /* Pods-2-4-7.debug.xcconfig */ = {isa = PBXFileReference; includeInIndex = 1; lastKnownFileType = text.xcconfig; name = "Pods-2-4-7.debug.xcconfig"; path = "Target Support Files/Pods-2-4-7/Pods-2-4-7.debug.xcconfig"; sourceTree = "<group>"; };
		6304C2ED57073C8D9D87F3E9 /* Pods-2-4-7-2-4-7UITests.debug.xcconfig */ = {isa = PBXFileReference; includeInIndex = 1; lastKnownFileType = text.xcconfig; name = "Pods-2-4-7-2-4-7UITests.debug.xcconfig"; path = "Target Support Files/Pods-2-4-7-2-4-7UITests/Pods-2-4-7-2-4-7UITests.debug.xcconfig"; sourceTree = "<group>"; };
		95C4E6FDDDB66AC1213BFF7A /* Pods_2_4_7.framework */ = {isa = PBXFileReference; explicitFileType = wrapper.framework; includeInIndex = 0; path = Pods_2_4_7.framework; sourceTree = BUILT_PRODUCTS_DIR; };
		A479DD5A23685D4600E9F8E1 /* 2-4-7.app */ = {isa = PBXFileReference; explicitFileType = wrapper.application; includeInIndex = 0; path = "2-4-7.app"; sourceTree = BUILT_PRODUCTS_DIR; };
		A479DD5D23685D4600E9F8E1 /* AppDelegate.swift */ = {isa = PBXFileReference; lastKnownFileType = sourcecode.swift; path = AppDelegate.swift; sourceTree = "<group>"; };
		A479DD5F23685D4600E9F8E1 /* ViewController.swift */ = {isa = PBXFileReference; lastKnownFileType = sourcecode.swift; path = ViewController.swift; sourceTree = "<group>"; };
		A479DD6223685D4600E9F8E1 /* Base */ = {isa = PBXFileReference; lastKnownFileType = file.storyboard; name = Base; path = Base.lproj/Main.storyboard; sourceTree = "<group>"; };
		A479DD6423685D4700E9F8E1 /* Assets.xcassets */ = {isa = PBXFileReference; lastKnownFileType = folder.assetcatalog; path = Assets.xcassets; sourceTree = "<group>"; };
		A479DD6723685D4700E9F8E1 /* Base */ = {isa = PBXFileReference; lastKnownFileType = file.storyboard; name = Base; path = Base.lproj/LaunchScreen.storyboard; sourceTree = "<group>"; };
		A479DD6923685D4700E9F8E1 /* Info.plist */ = {isa = PBXFileReference; lastKnownFileType = text.plist.xml; path = Info.plist; sourceTree = "<group>"; };
		A479DD6E23685D4700E9F8E1 /* 2-4-7Tests.xctest */ = {isa = PBXFileReference; explicitFileType = wrapper.cfbundle; includeInIndex = 0; path = "2-4-7Tests.xctest"; sourceTree = BUILT_PRODUCTS_DIR; };
		A479DD7223685D4700E9F8E1 /* __4_7Tests.swift */ = {isa = PBXFileReference; lastKnownFileType = sourcecode.swift; path = __4_7Tests.swift; sourceTree = "<group>"; };
		A479DD7423685D4700E9F8E1 /* Info.plist */ = {isa = PBXFileReference; lastKnownFileType = text.plist.xml; path = Info.plist; sourceTree = "<group>"; };
		A479DD7923685D4700E9F8E1 /* 2-4-7UITests.xctest */ = {isa = PBXFileReference; explicitFileType = wrapper.cfbundle; includeInIndex = 0; path = "2-4-7UITests.xctest"; sourceTree = BUILT_PRODUCTS_DIR; };
		A479DD7D23685D4700E9F8E1 /* __4_7UITests.swift */ = {isa = PBXFileReference; lastKnownFileType = sourcecode.swift; path = __4_7UITests.swift; sourceTree = "<group>"; };
		A479DD7F23685D4700E9F8E1 /* Info.plist */ = {isa = PBXFileReference; lastKnownFileType = text.plist.xml; path = Info.plist; sourceTree = "<group>"; };
		CD12A18F3301BE7DD6FCEB1C /* Pods-2-4-7-2-4-7UITests.release.xcconfig */ = {isa = PBXFileReference; includeInIndex = 1; lastKnownFileType = text.xcconfig; name = "Pods-2-4-7-2-4-7UITests.release.xcconfig"; path = "Target Support Files/Pods-2-4-7-2-4-7UITests/Pods-2-4-7-2-4-7UITests.release.xcconfig"; sourceTree = "<group>"; };
		E486FB1D2754BBDB75B65CC2 /* Pods-2-4-7Tests.debug.xcconfig */ = {isa = PBXFileReference; includeInIndex = 1; lastKnownFileType = text.xcconfig; name = "Pods-2-4-7Tests.debug.xcconfig"; path = "Target Support Files/Pods-2-4-7Tests/Pods-2-4-7Tests.debug.xcconfig"; sourceTree = "<group>"; };
		EF8CE3D7CD21BEE91B9F834F /* Pods_2_4_7_2_4_7UITests.framework */ = {isa = PBXFileReference; explicitFileType = wrapper.framework; includeInIndex = 0; path = Pods_2_4_7_2_4_7UITests.framework; sourceTree = BUILT_PRODUCTS_DIR; };
/* End PBXFileReference section */

/* Begin PBXFrameworksBuildPhase section */
		A479DD5723685D4600E9F8E1 /* Frameworks */ = {
			isa = PBXFrameworksBuildPhase;
			buildActionMask = 2147483647;
			files = (
				36976A9EABC9AFAC392B8F55 /* Pods_2_4_7.framework in Frameworks */,
			);
			runOnlyForDeploymentPostprocessing = 0;
		};
		A479DD6B23685D4700E9F8E1 /* Frameworks */ = {
			isa = PBXFrameworksBuildPhase;
			buildActionMask = 2147483647;
			files = (
				A27A07896406704CD2553606 /* Pods_2_4_7Tests.framework in Frameworks */,
			);
			runOnlyForDeploymentPostprocessing = 0;
		};
		A479DD7623685D4700E9F8E1 /* Frameworks */ = {
			isa = PBXFrameworksBuildPhase;
			buildActionMask = 2147483647;
			files = (
				DB05DC5B0660A01BAB274455 /* Pods_2_4_7_2_4_7UITests.framework in Frameworks */,
			);
			runOnlyForDeploymentPostprocessing = 0;
		};
/* End PBXFrameworksBuildPhase section */

/* Begin PBXGroup section */
		50EA05B677BC444A2C43479E /* Pods */ = {
			isa = PBXGroup;
			children = (
				628CC5D36942A48F1568597B /* Pods-2-4-7.debug.xcconfig */,
				2C3E99CDB7CEB5F387713F28 /* Pods-2-4-7.release.xcconfig */,
				6304C2ED57073C8D9D87F3E9 /* Pods-2-4-7-2-4-7UITests.debug.xcconfig */,
				CD12A18F3301BE7DD6FCEB1C /* Pods-2-4-7-2-4-7UITests.release.xcconfig */,
				E486FB1D2754BBDB75B65CC2 /* Pods-2-4-7Tests.debug.xcconfig */,
				119A189DD00905134B65EA64 /* Pods-2-4-7Tests.release.xcconfig */,
			);
			name = Pods;
			path = Pods;
			sourceTree = "<group>";
		};
		5872ED350CFD5A95B90C959D /* Frameworks */ = {
			isa = PBXGroup;
			children = (
				95C4E6FDDDB66AC1213BFF7A /* Pods_2_4_7.framework */,
				EF8CE3D7CD21BEE91B9F834F /* Pods_2_4_7_2_4_7UITests.framework */,
				4DC6F1E583D12BFC9F3EC8D3 /* Pods_2_4_7Tests.framework */,
			);
			name = Frameworks;
			sourceTree = "<group>";
		};
		A479DD5123685D4600E9F8E1 = {
			isa = PBXGroup;
			children = (
				A479DD5C23685D4600E9F8E1 /* 2-4-7 */,
				A479DD7123685D4700E9F8E1 /* 2-4-7Tests */,
				A479DD7C23685D4700E9F8E1 /* 2-4-7UITests */,
				A479DD5B23685D4600E9F8E1 /* Products */,
				50EA05B677BC444A2C43479E /* Pods */,
				5872ED350CFD5A95B90C959D /* Frameworks */,
			);
			sourceTree = "<group>";
		};
		A479DD5B23685D4600E9F8E1 /* Products */ = {
			isa = PBXGroup;
			children = (
				A479DD5A23685D4600E9F8E1 /* 2-4-7.app */,
				A479DD6E23685D4700E9F8E1 /* 2-4-7Tests.xctest */,
				A479DD7923685D4700E9F8E1 /* 2-4-7UITests.xctest */,
			);
			name = Products;
			sourceTree = "<group>";
		};
		A479DD5C23685D4600E9F8E1 /* 2-4-7 */ = {
			isa = PBXGroup;
			children = (
				A479DD5D23685D4600E9F8E1 /* AppDelegate.swift */,
				A479DD5F23685D4600E9F8E1 /* ViewController.swift */,
				A479DD6123685D4600E9F8E1 /* Main.storyboard */,
				A479DD6423685D4700E9F8E1 /* Assets.xcassets */,
				A479DD6623685D4700E9F8E1 /* LaunchScreen.storyboard */,
				A479DD6923685D4700E9F8E1 /* Info.plist */,
			);
			path = "2-4-7";
			sourceTree = "<group>";
		};
		A479DD7123685D4700E9F8E1 /* 2-4-7Tests */ = {
			isa = PBXGroup;
			children = (
				A479DD7223685D4700E9F8E1 /* __4_7Tests.swift */,
				A479DD7423685D4700E9F8E1 /* Info.plist */,
			);
			path = "2-4-7Tests";
			sourceTree = "<group>";
		};
		A479DD7C23685D4700E9F8E1 /* 2-4-7UITests */ = {
			isa = PBXGroup;
			children = (
				A479DD7D23685D4700E9F8E1 /* __4_7UITests.swift */,
				A479DD7F23685D4700E9F8E1 /* Info.plist */,
			);
			path = "2-4-7UITests";
			sourceTree = "<group>";
		};
/* End PBXGroup section */

/* Begin PBXNativeTarget section */
		A479DD5923685D4600E9F8E1 /* 2-4-7 */ = {
			isa = PBXNativeTarget;
			buildConfigurationList = A479DD8223685D4700E9F8E1 /* Build configuration list for PBXNativeTarget "2-4-7" */;
			buildPhases = (
				C639ED81F492CFF3B7BDB694 /* [CP] Check Pods Manifest.lock */,
				A479DD5623685D4600E9F8E1 /* Sources */,
				A479DD5723685D4600E9F8E1 /* Frameworks */,
				A479DD5823685D4600E9F8E1 /* Resources */,
				BFA19D90FE309A24D1F1FCA8 /* [CP] Embed Pods Frameworks */,
				25E55C53ABD3AF09C3FF6A19 /* [CP] Copy Pods Resources */,
			);
			buildRules = (
			);
			dependencies = (
			);
			name = "2-4-7";
			productName = "2-4-7";
			productReference = A479DD5A23685D4600E9F8E1 /* 2-4-7.app */;
			productType = "com.apple.product-type.application";
		};
		A479DD6D23685D4700E9F8E1 /* 2-4-7Tests */ = {
			isa = PBXNativeTarget;
			buildConfigurationList = A479DD8523685D4700E9F8E1 /* Build configuration list for PBXNativeTarget "2-4-7Tests" */;
			buildPhases = (
				DB5DCEF62906530010D42D20 /* [CP] Check Pods Manifest.lock */,
				A479DD6A23685D4700E9F8E1 /* Sources */,
				A479DD6B23685D4700E9F8E1 /* Frameworks */,
				A479DD6C23685D4700E9F8E1 /* Resources */,
			);
			buildRules = (
			);
			dependencies = (
				A479DD7023685D4700E9F8E1 /* PBXTargetDependency */,
			);
			name = "2-4-7Tests";
			productName = "2-4-7Tests";
			productReference = A479DD6E23685D4700E9F8E1 /* 2-4-7Tests.xctest */;
			productType = "com.apple.product-type.bundle.unit-test";
		};
		A479DD7823685D4700E9F8E1 /* 2-4-7UITests */ = {
			isa = PBXNativeTarget;
			buildConfigurationList = A479DD8823685D4700E9F8E1 /* Build configuration list for PBXNativeTarget "2-4-7UITests" */;
			buildPhases = (
				3D9760388F7C565022BFC644 /* [CP] Check Pods Manifest.lock */,
				A479DD7523685D4700E9F8E1 /* Sources */,
				A479DD7623685D4700E9F8E1 /* Frameworks */,
				A479DD7723685D4700E9F8E1 /* Resources */,
				B7DE6101134E48D4E4585D19 /* [CP] Embed Pods Frameworks */,
				9D5C4FC6064CCDC91830292C /* [CP] Copy Pods Resources */,
			);
			buildRules = (
			);
			dependencies = (
				A479DD7B23685D4700E9F8E1 /* PBXTargetDependency */,
			);
			name = "2-4-7UITests";
			productName = "2-4-7UITests";
			productReference = A479DD7923685D4700E9F8E1 /* 2-4-7UITests.xctest */;
			productType = "com.apple.product-type.bundle.ui-testing";
		};
/* End PBXNativeTarget section */

/* Begin PBXProject section */
		A479DD5223685D4600E9F8E1 /* Project object */ = {
			isa = PBXProject;
			attributes = {
				LastSwiftUpdateCheck = 1020;
				LastUpgradeCheck = 1020;
				ORGANIZATIONNAME = "入江真礼";
				TargetAttributes = {
					A479DD5923685D4600E9F8E1 = {
						CreatedOnToolsVersion = 10.2.1;
					};
					A479DD6D23685D4700E9F8E1 = {
						CreatedOnToolsVersion = 10.2.1;
						TestTargetID = A479DD5923685D4600E9F8E1;
					};
					A479DD7823685D4700E9F8E1 = {
						CreatedOnToolsVersion = 10.2.1;
						TestTargetID = A479DD5923685D4600E9F8E1;
					};
				};
			};
			buildConfigurationList = A479DD5523685D4600E9F8E1 /* Build configuration list for PBXProject "2-4-7" */;
			compatibilityVersion = "Xcode 9.3";
			developmentRegion = en;
			hasScannedForEncodings = 0;
			knownRegions = (
				en,
				Base,
			);
			mainGroup = A479DD5123685D4600E9F8E1;
			productRefGroup = A479DD5B23685D4600E9F8E1 /* Products */;
			projectDirPath = "";
			projectRoot = "";
			targets = (
				A479DD5923685D4600E9F8E1 /* 2-4-7 */,
				A479DD6D23685D4700E9F8E1 /* 2-4-7Tests */,
				A479DD7823685D4700E9F8E1 /* 2-4-7UITests */,
			);
		};
/* End PBXProject section */

/* Begin PBXResourcesBuildPhase section */
		A479DD5823685D4600E9F8E1 /* Resources */ = {
			isa = PBXResourcesBuildPhase;
			buildActionMask = 2147483647;
			files = (
				A479DD6823685D4700E9F8E1 /* LaunchScreen.storyboard in Resources */,
				A479DD6523685D4700E9F8E1 /* Assets.xcassets in Resources */,
				A479DD6323685D4600E9F8E1 /* Main.storyboard in Resources */,
			);
			runOnlyForDeploymentPostprocessing = 0;
		};
		A479DD6C23685D4700E9F8E1 /* Resources */ = {
			isa = PBXResourcesBuildPhase;
			buildActionMask = 2147483647;
			files = (
			);
			runOnlyForDeploymentPostprocessing = 0;
		};
		A479DD7723685D4700E9F8E1 /* Resources */ = {
			isa = PBXResourcesBuildPhase;
			buildActionMask = 2147483647;
			files = (
			);
			runOnlyForDeploymentPostprocessing = 0;
		};
/* End PBXResourcesBuildPhase section */

/* Begin PBXShellScriptBuildPhase section */
		25E55C53ABD3AF09C3FF6A19 /* [CP] Copy Pods Resources */ = {
			isa = PBXShellScriptBuildPhase;
			buildActionMask = 2147483647;
			files = (
			);
			inputFileListPaths = (
				"${PODS_ROOT}/Target Support Files/Pods-2-4-7/Pods-2-4-7-resources-${CONFIGURATION}-input-files.xcfilelist",
			);
			name = "[CP] Copy Pods Resources";
			outputFileListPaths = (
				"${PODS_ROOT}/Target Support Files/Pods-2-4-7/Pods-2-4-7-resources-${CONFIGURATION}-output-files.xcfilelist",
			);
			runOnlyForDeploymentPostprocessing = 0;
			shellPath = /bin/sh;
			shellScript = "\"${PODS_ROOT}/Target Support Files/Pods-2-4-7/Pods-2-4-7-resources.sh\"\n";
			showEnvVarsInLog = 0;
		};
		3D9760388F7C565022BFC644 /* [CP] Check Pods Manifest.lock */ = {
			isa = PBXShellScriptBuildPhase;
			buildActionMask = 2147483647;
			files = (
			);
			inputFileListPaths = (
			);
			inputPaths = (
				"${PODS_PODFILE_DIR_PATH}/Podfile.lock",
				"${PODS_ROOT}/Manifest.lock",
			);
			name = "[CP] Check Pods Manifest.lock";
			outputFileListPaths = (
			);
			outputPaths = (
				"$(DERIVED_FILE_DIR)/Pods-2-4-7-2-4-7UITests-checkManifestLockResult.txt",
			);
			runOnlyForDeploymentPostprocessing = 0;
			shellPath = /bin/sh;
			shellScript = "diff \"${PODS_PODFILE_DIR_PATH}/Podfile.lock\" \"${PODS_ROOT}/Manifest.lock\" > /dev/null\nif [ $? != 0 ] ; then\n    # print error to STDERR\n    echo \"error: The sandbox is not in sync with the Podfile.lock. Run 'pod install' or update your CocoaPods installation.\" >&2\n    exit 1\nfi\n# This output is used by Xcode 'outputs' to avoid re-running this script phase.\necho \"SUCCESS\" > \"${SCRIPT_OUTPUT_FILE_0}\"\n";
			showEnvVarsInLog = 0;
		};
		9D5C4FC6064CCDC91830292C /* [CP] Copy Pods Resources */ = {
			isa = PBXShellScriptBuildPhase;
			buildActionMask = 2147483647;
			files = (
			);
			inputFileListPaths = (
				"${PODS_ROOT}/Target Support Files/Pods-2-4-7-2-4-7UITests/Pods-2-4-7-2-4-7UITests-resources-${CONFIGURATION}-input-files.xcfilelist",
			);
			name = "[CP] Copy Pods Resources";
			outputFileListPaths = (
				"${PODS_ROOT}/Target Support Files/Pods-2-4-7-2-4-7UITests/Pods-2-4-7-2-4-7UITests-resources-${CONFIGURATION}-output-files.xcfilelist",
			);
			runOnlyForDeploymentPostprocessing = 0;
			shellPath = /bin/sh;
			shellScript = "\"${PODS_ROOT}/Target Support Files/Pods-2-4-7-2-4-7UITests/Pods-2-4-7-2-4-7UITests-resources.sh\"\n";
			showEnvVarsInLog = 0;
		};
		B7DE6101134E48D4E4585D19 /* [CP] Embed Pods Frameworks */ = {
			isa = PBXShellScriptBuildPhase;
			buildActionMask = 2147483647;
			files = (
			);
			inputFileListPaths = (
				"${PODS_ROOT}/Target Support Files/Pods-2-4-7-2-4-7UITests/Pods-2-4-7-2-4-7UITests-frameworks-${CONFIGURATION}-input-files.xcfilelist",
			);
			name = "[CP] Embed Pods Frameworks";
			outputFileListPaths = (
				"${PODS_ROOT}/Target Support Files/Pods-2-4-7-2-4-7UITests/Pods-2-4-7-2-4-7UITests-frameworks-${CONFIGURATION}-output-files.xcfilelist",
			);
			runOnlyForDeploymentPostprocessing = 0;
			shellPath = /bin/sh;
			shellScript = "\"${PODS_ROOT}/Target Support Files/Pods-2-4-7-2-4-7UITests/Pods-2-4-7-2-4-7UITests-frameworks.sh\"\n";
			showEnvVarsInLog = 0;
		};
		BFA19D90FE309A24D1F1FCA8 /* [CP] Embed Pods Frameworks */ = {
			isa = PBXShellScriptBuildPhase;
			buildActionMask = 2147483647;
			files = (
			);
			inputFileListPaths = (
				"${PODS_ROOT}/Target Support Files/Pods-2-4-7/Pods-2-4-7-frameworks-${CONFIGURATION}-input-files.xcfilelist",
			);
			name = "[CP] Embed Pods Frameworks";
			outputFileListPaths = (
				"${PODS_ROOT}/Target Support Files/Pods-2-4-7/Pods-2-4-7-frameworks-${CONFIGURATION}-output-files.xcfilelist",
			);
			runOnlyForDeploymentPostprocessing = 0;
			shellPath = /bin/sh;
			shellScript = "\"${PODS_ROOT}/Target Support Files/Pods-2-4-7/Pods-2-4-7-frameworks.sh\"\n";
			showEnvVarsInLog = 0;
		};
		C639ED81F492CFF3B7BDB694 /* [CP] Check Pods Manifest.lock */ = {
			isa = PBXShellScriptBuildPhase;
			buildActionMask = 2147483647;
			files = (
			);
			inputFileListPaths = (
			);
			inputPaths = (
				"${PODS_PODFILE_DIR_PATH}/Podfile.lock",
				"${PODS_ROOT}/Manifest.lock",
			);
			name = "[CP] Check Pods Manifest.lock";
			outputFileListPaths = (
			);
			outputPaths = (
				"$(DERIVED_FILE_DIR)/Pods-2-4-7-checkManifestLockResult.txt",
			);
			runOnlyForDeploymentPostprocessing = 0;
			shellPath = /bin/sh;
			shellScript = "diff \"${PODS_PODFILE_DIR_PATH}/Podfile.lock\" \"${PODS_ROOT}/Manifest.lock\" > /dev/null\nif [ $? != 0 ] ; then\n    # print error to STDERR\n    echo \"error: The sandbox is not in sync with the Podfile.lock. Run 'pod install' or update your CocoaPods installation.\" >&2\n    exit 1\nfi\n# This output is used by Xcode 'outputs' to avoid re-running this script phase.\necho \"SUCCESS\" > \"${SCRIPT_OUTPUT_FILE_0}\"\n";
			showEnvVarsInLog = 0;
		};
		DB5DCEF62906530010D42D20 /* [CP] Check Pods Manifest.lock */ = {
			isa = PBXShellScriptBuildPhase;
			buildActionMask = 2147483647;
			files = (
			);
			inputFileListPaths = (
			);
			inputPaths = (
				"${PODS_PODFILE_DIR_PATH}/Podfile.lock",
				"${PODS_ROOT}/Manifest.lock",
			);
			name = "[CP] Check Pods Manifest.lock";
			outputFileListPaths = (
			);
			outputPaths = (
				"$(DERIVED_FILE_DIR)/Pods-2-4-7Tests-checkManifestLockResult.txt",
			);
			runOnlyForDeploymentPostprocessing = 0;
			shellPath = /bin/sh;
			shellScript = "diff \"${PODS_PODFILE_DIR_PATH}/Podfile.lock\" \"${PODS_ROOT}/Manifest.lock\" > /dev/null\nif [ $? != 0 ] ; then\n    # print error to STDERR\n    echo \"error: The sandbox is not in sync with the Podfile.lock. Run 'pod install' or update your CocoaPods installation.\" >&2\n    exit 1\nfi\n# This output is used by Xcode 'outputs' to avoid re-running this script phase.\necho \"SUCCESS\" > \"${SCRIPT_OUTPUT_FILE_0}\"\n";
			showEnvVarsInLog = 0;
		};
/* End PBXShellScriptBuildPhase section */

/* Begin PBXSourcesBuildPhase section */
		A479DD5623685D4600E9F8E1 /* Sources */ = {
			isa = PBXSourcesBuildPhase;
			buildActionMask = 2147483647;
			files = (
				A479DD6023685D4600E9F8E1 /* ViewController.swift in Sources */,
				A479DD5E23685D4600E9F8E1 /* AppDelegate.swift in Sources */,
			);
			runOnlyForDeploymentPostprocessing = 0;
		};
		A479DD6A23685D4700E9F8E1 /* Sources */ = {
			isa = PBXSourcesBuildPhase;
			buildActionMask = 2147483647;
			files = (
				A479DD7323685D4700E9F8E1 /* __4_7Tests.swift in Sources */,
			);
			runOnlyForDeploymentPostprocessing = 0;
		};
		A479DD7523685D4700E9F8E1 /* Sources */ = {
			isa = PBXSourcesBuildPhase;
			buildActionMask = 2147483647;
			files = (
				A479DD7E23685D4700E9F8E1 /* __4_7UITests.swift in Sources */,
			);
			runOnlyForDeploymentPostprocessing = 0;
		};
/* End PBXSourcesBuildPhase section */

/* Begin PBXTargetDependency section */
		A479DD7023685D4700E9F8E1 /* PBXTargetDependency */ = {
			isa = PBXTargetDependency;
			target = A479DD5923685D4600E9F8E1 /* 2-4-7 */;
			targetProxy = A479DD6F23685D4700E9F8E1 /* PBXContainerItemProxy */;
		};
		A479DD7B23685D4700E9F8E1 /* PBXTargetDependency */ = {
			isa = PBXTargetDependency;
			target = A479DD5923685D4600E9F8E1 /* 2-4-7 */;
			targetProxy = A479DD7A23685D4700E9F8E1 /* PBXContainerItemProxy */;
		};
/* End PBXTargetDependency section */

/* Begin PBXVariantGroup section */
		A479DD6123685D4600E9F8E1 /* Main.storyboard */ = {
			isa = PBXVariantGroup;
			children = (
				A479DD6223685D4600E9F8E1 /* Base */,
			);
			name = Main.storyboard;
			sourceTree = "<group>";
		};
		A479DD6623685D4700E9F8E1 /* LaunchScreen.storyboard */ = {
			isa = PBXVariantGroup;
			children = (
				A479DD6723685D4700E9F8E1 /* Base */,
			);
			name = LaunchScreen.storyboard;
			sourceTree = "<group>";
		};
/* End PBXVariantGroup section */

/* Begin XCBuildConfiguration section */
		A479DD8023685D4700E9F8E1 /* Debug */ = {
			isa = XCBuildConfiguration;
			buildSettings = {
				ALWAYS_SEARCH_USER_PATHS = NO;
				CLANG_ANALYZER_NONNULL = YES;
				CLANG_ANALYZER_NUMBER_OBJECT_CONVERSION = YES_AGGRESSIVE;
				CLANG_CXX_LANGUAGE_STANDARD = "gnu++14";
				CLANG_CXX_LIBRARY = "libc++";
				CLANG_ENABLE_MODULES = YES;
				CLANG_ENABLE_OBJC_ARC = YES;
				CLANG_ENABLE_OBJC_WEAK = YES;
				CLANG_WARN_BLOCK_CAPTURE_AUTORELEASING = YES;
				CLANG_WARN_BOOL_CONVERSION = YES;
				CLANG_WARN_COMMA = YES;
				CLANG_WARN_CONSTANT_CONVERSION = YES;
				CLANG_WARN_DEPRECATED_OBJC_IMPLEMENTATIONS = YES;
				CLANG_WARN_DIRECT_OBJC_ISA_USAGE = YES_ERROR;
				CLANG_WARN_DOCUMENTATION_COMMENTS = YES;
				CLANG_WARN_EMPTY_BODY = YES;
				CLANG_WARN_ENUM_CONVERSION = YES;
				CLANG_WARN_INFINITE_RECURSION = YES;
				CLANG_WARN_INT_CONVERSION = YES;
				CLANG_WARN_NON_LITERAL_NULL_CONVERSION = YES;
				CLANG_WARN_OBJC_IMPLICIT_RETAIN_SELF = YES;
				CLANG_WARN_OBJC_LITERAL_CONVERSION = YES;
				CLANG_WARN_OBJC_ROOT_CLASS = YES_ERROR;
				CLANG_WARN_RANGE_LOOP_ANALYSIS = YES;
				CLANG_WARN_STRICT_PROTOTYPES = YES;
				CLANG_WARN_SUSPICIOUS_MOVE = YES;
				CLANG_WARN_UNGUARDED_AVAILABILITY = YES_AGGRESSIVE;
				CLANG_WARN_UNREACHABLE_CODE = YES;
				CLANG_WARN__DUPLICATE_METHOD_MATCH = YES;
				CODE_SIGN_IDENTITY = "iPhone Developer";
				COPY_PHASE_STRIP = NO;
				DEBUG_INFORMATION_FORMAT = dwarf;
				ENABLE_STRICT_OBJC_MSGSEND = YES;
				ENABLE_TESTABILITY = YES;
				GCC_C_LANGUAGE_STANDARD = gnu11;
				GCC_DYNAMIC_NO_PIC = NO;
				GCC_NO_COMMON_BLOCKS = YES;
				GCC_OPTIMIZATION_LEVEL = 0;
				GCC_PREPROCESSOR_DEFINITIONS = (
					"DEBUG=1",
					"$(inherited)",
				);
				GCC_WARN_64_TO_32_BIT_CONVERSION = YES;
				GCC_WARN_ABOUT_RETURN_TYPE = YES_ERROR;
				GCC_WARN_UNDECLARED_SELECTOR = YES;
				GCC_WARN_UNINITIALIZED_AUTOS = YES_AGGRESSIVE;
				GCC_WARN_UNUSED_FUNCTION = YES;
				GCC_WARN_UNUSED_VARIABLE = YES;
				IPHONEOS_DEPLOYMENT_TARGET = 12.2;
				MTL_ENABLE_DEBUG_INFO = INCLUDE_SOURCE;
				MTL_FAST_MATH = YES;
				ONLY_ACTIVE_ARCH = YES;
				SDKROOT = iphoneos;
				SWIFT_ACTIVE_COMPILATION_CONDITIONS = DEBUG;
				SWIFT_OPTIMIZATION_LEVEL = "-Onone";
			};
			name = Debug;
		};
		A479DD8123685D4700E9F8E1 /* Release */ = {
			isa = XCBuildConfiguration;
			buildSettings = {
				ALWAYS_SEARCH_USER_PATHS = NO;
				CLANG_ANALYZER_NONNULL = YES;
				CLANG_ANALYZER_NUMBER_OBJECT_CONVERSION = YES_AGGRESSIVE;
				CLANG_CXX_LANGUAGE_STANDARD = "gnu++14";
				CLANG_CXX_LIBRARY = "libc++";
				CLANG_ENABLE_MODULES = YES;
				CLANG_ENABLE_OBJC_ARC = YES;
				CLANG_ENABLE_OBJC_WEAK = YES;
				CLANG_WARN_BLOCK_CAPTURE_AUTORELEASING = YES;
				CLANG_WARN_BOOL_CONVERSION = YES;
				CLANG_WARN_COMMA = YES;
				CLANG_WARN_CONSTANT_CONVERSION = YES;
				CLANG_WARN_DEPRECATED_OBJC_IMPLEMENTATIONS = YES;
				CLANG_WARN_DIRECT_OBJC_ISA_USAGE = YES_ERROR;
				CLANG_WARN_DOCUMENTATION_COMMENTS = YES;
				CLANG_WARN_EMPTY_BODY = YES;
				CLANG_WARN_ENUM_CONVERSION = YES;
				CLANG_WARN_INFINITE_RECURSION = YES;
				CLANG_WARN_INT_CONVERSION = YES;
				CLANG_WARN_NON_LITERAL_NULL_CONVERSION = YES;
				CLANG_WARN_OBJC_IMPLICIT_RETAIN_SELF = YES;
				CLANG_WARN_OBJC_LITERAL_CONVERSION = YES;
				CLANG_WARN_OBJC_ROOT_CLASS = YES_ERROR;
				CLANG_WARN_RANGE_LOOP_ANALYSIS = YES;
				CLANG_WARN_STRICT_PROTOTYPES = YES;
				CLANG_WARN_SUSPICIOUS_MOVE = YES;
				CLANG_WARN_UNGUARDED_AVAILABILITY = YES_AGGRESSIVE;
				CLANG_WARN_UNREACHABLE_CODE = YES;
				CLANG_WARN__DUPLICATE_METHOD_MATCH = YES;
				CODE_SIGN_IDENTITY = "iPhone Developer";
				COPY_PHASE_STRIP = NO;
				DEBUG_INFORMATION_FORMAT = "dwarf-with-dsym";
				ENABLE_NS_ASSERTIONS = NO;
				ENABLE_STRICT_OBJC_MSGSEND = YES;
				GCC_C_LANGUAGE_STANDARD = gnu11;
				GCC_NO_COMMON_BLOCKS = YES;
				GCC_WARN_64_TO_32_BIT_CONVERSION = YES;
				GCC_WARN_ABOUT_RETURN_TYPE = YES_ERROR;
				GCC_WARN_UNDECLARED_SELECTOR = YES;
				GCC_WARN_UNINITIALIZED_AUTOS = YES_AGGRESSIVE;
				GCC_WARN_UNUSED_FUNCTION = YES;
				GCC_WARN_UNUSED_VARIABLE = YES;
				IPHONEOS_DEPLOYMENT_TARGET = 12.2;
				MTL_ENABLE_DEBUG_INFO = NO;
				MTL_FAST_MATH = YES;
				SDKROOT = iphoneos;
				SWIFT_COMPILATION_MODE = wholemodule;
				SWIFT_OPTIMIZATION_LEVEL = "-O";
				VALIDATE_PRODUCT = YES;
			};
			name = Release;
		};
		A479DD8323685D4700E9F8E1 /* Debug */ = {
			isa = XCBuildConfiguration;
			baseConfigurationReference = 628CC5D36942A48F1568597B /* Pods-2-4-7.debug.xcconfig */;
			buildSettings = {
				ASSETCATALOG_COMPILER_APPICON_NAME = AppIcon;
				CODE_SIGN_STYLE = Automatic;
				DEVELOPMENT_TEAM = PCCZJUYRT6;
				INFOPLIST_FILE = "2-4-7/Info.plist";
				LD_RUNPATH_SEARCH_PATHS = (
					"$(inherited)",
					"@executable_path/Frameworks",
				);
				PRODUCT_BUNDLE_IDENTIFIER = "jp.st-ventures..--4-7";
				PRODUCT_NAME = "$(TARGET_NAME)";
				SWIFT_VERSION = 5.0;
				TARGETED_DEVICE_FAMILY = "1,2";
			};
			name = Debug;
		};
		A479DD8423685D4700E9F8E1 /* Release */ = {
			isa = XCBuildConfiguration;
			baseConfigurationReference = 2C3E99CDB7CEB5F387713F28 /* Pods-2-4-7.release.xcconfig */;
			buildSettings = {
				ASSETCATALOG_COMPILER_APPICON_NAME = AppIcon;
				CODE_SIGN_STYLE = Automatic;
				DEVELOPMENT_TEAM = PCCZJUYRT6;
				INFOPLIST_FILE = "2-4-7/Info.plist";
				LD_RUNPATH_SEARCH_PATHS = (
					"$(inherited)",
					"@executable_path/Frameworks",
				);
				PRODUCT_BUNDLE_IDENTIFIER = "jp.st-ventures..--4-7";
				PRODUCT_NAME = "$(TARGET_NAME)";
				SWIFT_VERSION = 5.0;
				TARGETED_DEVICE_FAMILY = "1,2";
			};
			name = Release;
		};
		A479DD8623685D4700E9F8E1 /* Debug */ = {
			isa = XCBuildConfiguration;
			baseConfigurationReference = E486FB1D2754BBDB75B65CC2 /* Pods-2-4-7Tests.debug.xcconfig */;
			buildSettings = {
				ALWAYS_EMBED_SWIFT_STANDARD_LIBRARIES = YES;
				BUNDLE_LOADER = "$(TEST_HOST)";
				CODE_SIGN_STYLE = Automatic;
				DEVELOPMENT_TEAM = PCCZJUYRT6;
				INFOPLIST_FILE = "2-4-7Tests/Info.plist";
				LD_RUNPATH_SEARCH_PATHS = (
					"$(inherited)",
					"@executable_path/Frameworks",
					"@loader_path/Frameworks",
				);
				PRODUCT_BUNDLE_IDENTIFIER = "jp.st-ventures..--4-7Tests";
				PRODUCT_NAME = "$(TARGET_NAME)";
				SWIFT_VERSION = 5.0;
				TARGETED_DEVICE_FAMILY = "1,2";
				TEST_HOST = "$(BUILT_PRODUCTS_DIR)/2-4-7.app/2-4-7";
			};
			name = Debug;
		};
		A479DD8723685D4700E9F8E1 /* Release */ = {
			isa = XCBuildConfiguration;
			baseConfigurationReference = 119A189DD00905134B65EA64 /* Pods-2-4-7Tests.release.xcconfig */;
			buildSettings = {
				ALWAYS_EMBED_SWIFT_STANDARD_LIBRARIES = YES;
				BUNDLE_LOADER = "$(TEST_HOST)";
				CODE_SIGN_STYLE = Automatic;
				DEVELOPMENT_TEAM = PCCZJUYRT6;
				INFOPLIST_FILE = "2-4-7Tests/Info.plist";
				LD_RUNPATH_SEARCH_PATHS = (
					"$(inherited)",
					"@executable_path/Frameworks",
					"@loader_path/Frameworks",
				);
				PRODUCT_BUNDLE_IDENTIFIER = "jp.st-ventures..--4-7Tests";
				PRODUCT_NAME = "$(TARGET_NAME)";
				SWIFT_VERSION = 5.0;
				TARGETED_DEVICE_FAMILY = "1,2";
				TEST_HOST = "$(BUILT_PRODUCTS_DIR)/2-4-7.app/2-4-7";
			};
			name = Release;
		};
		A479DD8923685D4700E9F8E1 /* Debug */ = {
			isa = XCBuildConfiguration;
			baseConfigurationReference = 6304C2ED57073C8D9D87F3E9 /* Pods-2-4-7-2-4-7UITests.debug.xcconfig */;
			buildSettings = {
				ALWAYS_EMBED_SWIFT_STANDARD_LIBRARIES = YES;
				CODE_SIGN_STYLE = Automatic;
				DEVELOPMENT_TEAM = PCCZJUYRT6;
				INFOPLIST_FILE = "2-4-7UITests/Info.plist";
				LD_RUNPATH_SEARCH_PATHS = (
					"$(inherited)",
					"@executable_path/Frameworks",
					"@loader_path/Frameworks",
				);
				PRODUCT_BUNDLE_IDENTIFIER = "jp.st-ventures..--4-7UITests";
				PRODUCT_NAME = "$(TARGET_NAME)";
				SWIFT_VERSION = 5.0;
				TARGETED_DEVICE_FAMILY = "1,2";
				TEST_TARGET_NAME = "2-4-7";
			};
			name = Debug;
		};
		A479DD8A23685D4700E9F8E1 /* Release */ = {
			isa = XCBuildConfiguration;
			baseConfigurationReference = CD12A18F3301BE7DD6FCEB1C /* Pods-2-4-7-2-4-7UITests.release.xcconfig */;
			buildSettings = {
				ALWAYS_EMBED_SWIFT_STANDARD_LIBRARIES = YES;
				CODE_SIGN_STYLE = Automatic;
				DEVELOPMENT_TEAM = PCCZJUYRT6;
				INFOPLIST_FILE = "2-4-7UITests/Info.plist";
				LD_RUNPATH_SEARCH_PATHS = (
					"$(inherited)",
					"@executable_path/Frameworks",
					"@loader_path/Frameworks",
				);
				PRODUCT_BUNDLE_IDENTIFIER = "jp.st-ventures..--4-7UITests";
				PRODUCT_NAME = "$(TARGET_NAME)";
				SWIFT_VERSION = 5.0;
				TARGETED_DEVICE_FAMILY = "1,2";
				TEST_TARGET_NAME = "2-4-7";
			};
			name = Release;
		};
/* End XCBuildConfiguration section */

/* Begin XCConfigurationList section */
		A479DD5523685D4600E9F8E1 /* Build configuration list for PBXProject "2-4-7" */ = {
			isa = XCConfigurationList;
			buildConfigurations = (
				A479DD8023685D4700E9F8E1 /* Debug */,
				A479DD8123685D4700E9F8E1 /* Release */,
			);
			defaultConfigurationIsVisible = 0;
			defaultConfigurationName = Release;
		};
		A479DD8223685D4700E9F8E1 /* Build configuration list for PBXNativeTarget "2-4-7" */ = {
			isa = XCConfigurationList;
			buildConfigurations = (
				A479DD8323685D4700E9F8E1 /* Debug */,
				A479DD8423685D4700E9F8E1 /* Release */,
			);
			defaultConfigurationIsVisible = 0;
			defaultConfigurationName = Release;
		};
		A479DD8523685D4700E9F8E1 /* Build configuration list for PBXNativeTarget "2-4-7Tests" */ = {
			isa = XCConfigurationList;
			buildConfigurations = (
				A479DD8623685D4700E9F8E1 /* Debug */,
				A479DD8723685D4700E9F8E1 /* Release */,
			);
			defaultConfigurationIsVisible = 0;
			defaultConfigurationName = Release;
		};
		A479DD8823685D4700E9F8E1 /* Build configuration list for PBXNativeTarget "2-4-7UITests" */ = {
			isa = XCConfigurationList;
			buildConfigurations = (
				A479DD8923685D4700E9F8E1 /* Debug */,
				A479DD8A23685D4700E9F8E1 /* Release */,
			);
			defaultConfigurationIsVisible = 0;
			defaultConfigurationName = Release;
		};
/* End XCConfigurationList section */
	};
	rootObject = A479DD5223685D4600E9F8E1 /* Project object */;
}
