// !$*UTF8*$!
{
	archiveVersion = 1;
	classes = {
	};
	objectVersion = 50;
	objects = {

/* Begin PBXBuildFile section */
		A40D4B9923500B9500DC74DF /* Realm.framework in Frameworks */ = {isa = PBXBuildFile; fileRef = A40D4B9823500B9500DC74DF /* Realm.framework */; };
		A40D4B9B23500BAF00DC74DF /* RealmSwift.framework in Frameworks */ = {isa = PBXBuildFile; fileRef = A40D4B9A23500BAF00DC74DF /* RealmSwift.framework */; };
		A40D4B9D2350125C00DC74DF /* trTodo.swift in Sources */ = {isa = PBXBuildFile; fileRef = A40D4B9C2350125C00DC74DF /* trTodo.swift */; };
		A40D4B9F23503B1600DC74DF /* InputViewController.swift in Sources */ = {isa = PBXBuildFile; fileRef = A40D4B9E23503B1600DC74DF /* InputViewController.swift */; };
		A40D4BEB2352FB6D00DC74DF /* CustomCell.swift in Sources */ = {isa = PBXBuildFile; fileRef = A40D4BEA2352FB6D00DC74DF /* CustomCell.swift */; };
		A44D78D2234F0C8800A8B095 /* AppDelegate.swift in Sources */ = {isa = PBXBuildFile; fileRef = A44D78D1234F0C8800A8B095 /* AppDelegate.swift */; };
		A44D78D4234F0C8800A8B095 /* TableViewController.swift in Sources */ = {isa = PBXBuildFile; fileRef = A44D78D3234F0C8800A8B095 /* TableViewController.swift */; };
		A44D78D7234F0C8800A8B095 /* Main.storyboard in Resources */ = {isa = PBXBuildFile; fileRef = A44D78D5234F0C8800A8B095 /* Main.storyboard */; };
		A44D78D9234F0C8900A8B095 /* Assets.xcassets in Resources */ = {isa = PBXBuildFile; fileRef = A44D78D8234F0C8900A8B095 /* Assets.xcassets */; };
		A44D78DC234F0C8900A8B095 /* LaunchScreen.storyboard in Resources */ = {isa = PBXBuildFile; fileRef = A44D78DA234F0C8900A8B095 /* LaunchScreen.storyboard */; };
		A44D78E7234F0C8900A8B095 /* __3_2_5Tests.swift in Sources */ = {isa = PBXBuildFile; fileRef = A44D78E6234F0C8900A8B095 /* __3_2_5Tests.swift */; };
		A44D78F2234F0C8900A8B095 /* __3_2_5UITests.swift in Sources */ = {isa = PBXBuildFile; fileRef = A44D78F1234F0C8900A8B095 /* __3_2_5UITests.swift */; };
/* End PBXBuildFile section */

/* Begin PBXContainerItemProxy section */
		A44D78E3234F0C8900A8B095 /* PBXContainerItemProxy */ = {
			isa = PBXContainerItemProxy;
			containerPortal = A44D78C6234F0C8700A8B095 /* Project object */;
			proxyType = 1;
			remoteGlobalIDString = A44D78CD234F0C8700A8B095;
			remoteInfo = "2-3-2~5";
		};
		A44D78EE234F0C8900A8B095 /* PBXContainerItemProxy */ = {
			isa = PBXContainerItemProxy;
			containerPortal = A44D78C6234F0C8700A8B095 /* Project object */;
			proxyType = 1;
			remoteGlobalIDString = A44D78CD234F0C8700A8B095;
			remoteInfo = "2-3-2~5";
		};
/* End PBXContainerItemProxy section */

/* Begin PBXFileReference section */
		A40D4B9823500B9500DC74DF /* Realm.framework */ = {isa = PBXFileReference; lastKnownFileType = wrapper.framework; name = Realm.framework; path = Carthage/Build/iOS/Realm.framework; sourceTree = "<group>"; };
		A40D4B9A23500BAF00DC74DF /* RealmSwift.framework */ = {isa = PBXFileReference; lastKnownFileType = wrapper.framework; name = RealmSwift.framework; path = Carthage/Build/iOS/RealmSwift.framework; sourceTree = "<group>"; };
		A40D4B9C2350125C00DC74DF /* trTodo.swift */ = {isa = PBXFileReference; lastKnownFileType = sourcecode.swift; path = trTodo.swift; sourceTree = "<group>"; };
		A40D4B9E23503B1600DC74DF /* InputViewController.swift */ = {isa = PBXFileReference; lastKnownFileType = sourcecode.swift; path = InputViewController.swift; sourceTree = "<group>"; };
		A40D4BEA2352FB6D00DC74DF /* CustomCell.swift */ = {isa = PBXFileReference; lastKnownFileType = sourcecode.swift; path = CustomCell.swift; sourceTree = "<group>"; };
		A44D78CE234F0C8800A8B095 /* 2-3-2~5.app */ = {isa = PBXFileReference; explicitFileType = wrapper.application; includeInIndex = 0; path = "2-3-2~5.app"; sourceTree = BUILT_PRODUCTS_DIR; };
		A44D78D1234F0C8800A8B095 /* AppDelegate.swift */ = {isa = PBXFileReference; lastKnownFileType = sourcecode.swift; path = AppDelegate.swift; sourceTree = "<group>"; };
		A44D78D3234F0C8800A8B095 /* TableViewController.swift */ = {isa = PBXFileReference; lastKnownFileType = sourcecode.swift; path = TableViewController.swift; sourceTree = "<group>"; };
		A44D78D6234F0C8800A8B095 /* Base */ = {isa = PBXFileReference; lastKnownFileType = file.storyboard; name = Base; path = Base.lproj/Main.storyboard; sourceTree = "<group>"; };
		A44D78D8234F0C8900A8B095 /* Assets.xcassets */ = {isa = PBXFileReference; lastKnownFileType = folder.assetcatalog; path = Assets.xcassets; sourceTree = "<group>"; };
		A44D78DB234F0C8900A8B095 /* Base */ = {isa = PBXFileReference; lastKnownFileType = file.storyboard; name = Base; path = Base.lproj/LaunchScreen.storyboard; sourceTree = "<group>"; };
		A44D78DD234F0C8900A8B095 /* Info.plist */ = {isa = PBXFileReference; lastKnownFileType = text.plist.xml; path = Info.plist; sourceTree = "<group>"; };
		A44D78E2234F0C8900A8B095 /* 2-3-2~5Tests.xctest */ = {isa = PBXFileReference; explicitFileType = wrapper.cfbundle; includeInIndex = 0; path = "2-3-2~5Tests.xctest"; sourceTree = BUILT_PRODUCTS_DIR; };
		A44D78E6234F0C8900A8B095 /* __3_2_5Tests.swift */ = {isa = PBXFileReference; lastKnownFileType = sourcecode.swift; path = __3_2_5Tests.swift; sourceTree = "<group>"; };
		A44D78E8234F0C8900A8B095 /* Info.plist */ = {isa = PBXFileReference; lastKnownFileType = text.plist.xml; path = Info.plist; sourceTree = "<group>"; };
		A44D78ED234F0C8900A8B095 /* 2-3-2~5UITests.xctest */ = {isa = PBXFileReference; explicitFileType = wrapper.cfbundle; includeInIndex = 0; path = "2-3-2~5UITests.xctest"; sourceTree = BUILT_PRODUCTS_DIR; };
		A44D78F1234F0C8900A8B095 /* __3_2_5UITests.swift */ = {isa = PBXFileReference; lastKnownFileType = sourcecode.swift; path = __3_2_5UITests.swift; sourceTree = "<group>"; };
		A44D78F3234F0C8900A8B095 /* Info.plist */ = {isa = PBXFileReference; lastKnownFileType = text.plist.xml; path = Info.plist; sourceTree = "<group>"; };
/* End PBXFileReference section */

/* Begin PBXFrameworksBuildPhase section */
		A44D78CB234F0C8700A8B095 /* Frameworks */ = {
			isa = PBXFrameworksBuildPhase;
			buildActionMask = 2147483647;
			files = (
				A40D4B9B23500BAF00DC74DF /* RealmSwift.framework in Frameworks */,
				A40D4B9923500B9500DC74DF /* Realm.framework in Frameworks */,
			);
			runOnlyForDeploymentPostprocessing = 0;
		};
		A44D78DF234F0C8900A8B095 /* Frameworks */ = {
			isa = PBXFrameworksBuildPhase;
			buildActionMask = 2147483647;
			files = (
			);
			runOnlyForDeploymentPostprocessing = 0;
		};
		A44D78EA234F0C8900A8B095 /* Frameworks */ = {
			isa = PBXFrameworksBuildPhase;
			buildActionMask = 2147483647;
			files = (
			);
			runOnlyForDeploymentPostprocessing = 0;
		};
/* End PBXFrameworksBuildPhase section */

/* Begin PBXGroup section */
		A40D4B9723500B9500DC74DF /* Frameworks */ = {
			isa = PBXGroup;
			children = (
				A40D4B9A23500BAF00DC74DF /* RealmSwift.framework */,
				A40D4B9823500B9500DC74DF /* Realm.framework */,
			);
			name = Frameworks;
			sourceTree = "<group>";
		};
		A44D78C5234F0C8700A8B095 = {
			isa = PBXGroup;
			children = (
				A44D78D0234F0C8800A8B095 /* 2-3-2~5 */,
				A44D78E5234F0C8900A8B095 /* 2-3-2~5Tests */,
				A44D78F0234F0C8900A8B095 /* 2-3-2~5UITests */,
				A44D78CF234F0C8800A8B095 /* Products */,
				A40D4B9723500B9500DC74DF /* Frameworks */,
			);
			sourceTree = "<group>";
		};
		A44D78CF234F0C8800A8B095 /* Products */ = {
			isa = PBXGroup;
			children = (
				A44D78CE234F0C8800A8B095 /* 2-3-2~5.app */,
				A44D78E2234F0C8900A8B095 /* 2-3-2~5Tests.xctest */,
				A44D78ED234F0C8900A8B095 /* 2-3-2~5UITests.xctest */,
			);
			name = Products;
			sourceTree = "<group>";
		};
		A44D78D0234F0C8800A8B095 /* 2-3-2~5 */ = {
			isa = PBXGroup;
			children = (
				A44D78D1234F0C8800A8B095 /* AppDelegate.swift */,
				A44D78D3234F0C8800A8B095 /* TableViewController.swift */,
				A40D4B9E23503B1600DC74DF /* InputViewController.swift */,
				A44D78D5234F0C8800A8B095 /* Main.storyboard */,
				A44D78D8234F0C8900A8B095 /* Assets.xcassets */,
				A44D78DA234F0C8900A8B095 /* LaunchScreen.storyboard */,
				A44D78DD234F0C8900A8B095 /* Info.plist */,
				A40D4B9C2350125C00DC74DF /* trTodo.swift */,
				A40D4BEA2352FB6D00DC74DF /* CustomCell.swift */,
			);
			path = "2-3-2~5";
			sourceTree = "<group>";
		};
		A44D78E5234F0C8900A8B095 /* 2-3-2~5Tests */ = {
			isa = PBXGroup;
			children = (
				A44D78E6234F0C8900A8B095 /* __3_2_5Tests.swift */,
				A44D78E8234F0C8900A8B095 /* Info.plist */,
			);
			path = "2-3-2~5Tests";
			sourceTree = "<group>";
		};
		A44D78F0234F0C8900A8B095 /* 2-3-2~5UITests */ = {
			isa = PBXGroup;
			children = (
				A44D78F1234F0C8900A8B095 /* __3_2_5UITests.swift */,
				A44D78F3234F0C8900A8B095 /* Info.plist */,
			);
			path = "2-3-2~5UITests";
			sourceTree = "<group>";
		};
/* End PBXGroup section */

/* Begin PBXNativeTarget section */
		A44D78CD234F0C8700A8B095 /* 2-3-2~5 */ = {
			isa = PBXNativeTarget;
			buildConfigurationList = A44D78F6234F0C8A00A8B095 /* Build configuration list for PBXNativeTarget "2-3-2~5" */;
			buildPhases = (
				A44D78CA234F0C8700A8B095 /* Sources */,
				A44D78CB234F0C8700A8B095 /* Frameworks */,
				A44D78CC234F0C8700A8B095 /* Resources */,
				A40D4B962350085B00DC74DF /* ShellScript */,
			);
			buildRules = (
			);
			dependencies = (
			);
			name = "2-3-2~5";
			productName = "2-3-2~5";
			productReference = A44D78CE234F0C8800A8B095 /* 2-3-2~5.app */;
			productType = "com.apple.product-type.application";
		};
		A44D78E1234F0C8900A8B095 /* 2-3-2~5Tests */ = {
			isa = PBXNativeTarget;
			buildConfigurationList = A44D78F9234F0C8A00A8B095 /* Build configuration list for PBXNativeTarget "2-3-2~5Tests" */;
			buildPhases = (
				A44D78DE234F0C8900A8B095 /* Sources */,
				A44D78DF234F0C8900A8B095 /* Frameworks */,
				A44D78E0234F0C8900A8B095 /* Resources */,
			);
			buildRules = (
			);
			dependencies = (
				A44D78E4234F0C8900A8B095 /* PBXTargetDependency */,
			);
			name = "2-3-2~5Tests";
			productName = "2-3-2~5Tests";
			productReference = A44D78E2234F0C8900A8B095 /* 2-3-2~5Tests.xctest */;
			productType = "com.apple.product-type.bundle.unit-test";
		};
		A44D78EC234F0C8900A8B095 /* 2-3-2~5UITests */ = {
			isa = PBXNativeTarget;
			buildConfigurationList = A44D78FC234F0C8A00A8B095 /* Build configuration list for PBXNativeTarget "2-3-2~5UITests" */;
			buildPhases = (
				A44D78E9234F0C8900A8B095 /* Sources */,
				A44D78EA234F0C8900A8B095 /* Frameworks */,
				A44D78EB234F0C8900A8B095 /* Resources */,
			);
			buildRules = (
			);
			dependencies = (
				A44D78EF234F0C8900A8B095 /* PBXTargetDependency */,
			);
			name = "2-3-2~5UITests";
			productName = "2-3-2~5UITests";
			productReference = A44D78ED234F0C8900A8B095 /* 2-3-2~5UITests.xctest */;
			productType = "com.apple.product-type.bundle.ui-testing";
		};
/* End PBXNativeTarget section */

/* Begin PBXProject section */
		A44D78C6234F0C8700A8B095 /* Project object */ = {
			isa = PBXProject;
			attributes = {
				LastSwiftUpdateCheck = 1020;
				LastUpgradeCheck = 1020;
				ORGANIZATIONNAME = "入江真礼";
				TargetAttributes = {
					A44D78CD234F0C8700A8B095 = {
						CreatedOnToolsVersion = 10.2.1;
					};
					A44D78E1234F0C8900A8B095 = {
						CreatedOnToolsVersion = 10.2.1;
						TestTargetID = A44D78CD234F0C8700A8B095;
					};
					A44D78EC234F0C8900A8B095 = {
						CreatedOnToolsVersion = 10.2.1;
						TestTargetID = A44D78CD234F0C8700A8B095;
					};
				};
			};
			buildConfigurationList = A44D78C9234F0C8700A8B095 /* Build configuration list for PBXProject "2-3-2~5" */;
			compatibilityVersion = "Xcode 9.3";
			developmentRegion = en;
			hasScannedForEncodings = 0;
			knownRegions = (
				en,
				Base,
			);
			mainGroup = A44D78C5234F0C8700A8B095;
			productRefGroup = A44D78CF234F0C8800A8B095 /* Products */;
			projectDirPath = "";
			projectRoot = "";
			targets = (
				A44D78CD234F0C8700A8B095 /* 2-3-2~5 */,
				A44D78E1234F0C8900A8B095 /* 2-3-2~5Tests */,
				A44D78EC234F0C8900A8B095 /* 2-3-2~5UITests */,
			);
		};
/* End PBXProject section */

/* Begin PBXResourcesBuildPhase section */
		A44D78CC234F0C8700A8B095 /* Resources */ = {
			isa = PBXResourcesBuildPhase;
			buildActionMask = 2147483647;
			files = (
				A44D78DC234F0C8900A8B095 /* LaunchScreen.storyboard in Resources */,
				A44D78D9234F0C8900A8B095 /* Assets.xcassets in Resources */,
				A44D78D7234F0C8800A8B095 /* Main.storyboard in Resources */,
			);
			runOnlyForDeploymentPostprocessing = 0;
		};
		A44D78E0234F0C8900A8B095 /* Resources */ = {
			isa = PBXResourcesBuildPhase;
			buildActionMask = 2147483647;
			files = (
			);
			runOnlyForDeploymentPostprocessing = 0;
		};
		A44D78EB234F0C8900A8B095 /* Resources */ = {
			isa = PBXResourcesBuildPhase;
			buildActionMask = 2147483647;
			files = (
			);
			runOnlyForDeploymentPostprocessing = 0;
		};
/* End PBXResourcesBuildPhase section */

/* Begin PBXShellScriptBuildPhase section */
		A40D4B962350085B00DC74DF /* ShellScript */ = {
			isa = PBXShellScriptBuildPhase;
			buildActionMask = 2147483647;
			files = (
			);
			inputFileListPaths = (
			);
			inputPaths = (
				"$(SRCROOT)/Carthage/Build/iOS/Realm.framework",
				"$(SRCROOT)/Carthage/Build/iOS/RealmSwift.framework",
			);
			outputFileListPaths = (
			);
			outputPaths = (
			);
			runOnlyForDeploymentPostprocessing = 0;
			shellPath = /bin/sh;
			shellScript = "/usr/local/bin/carthage copy-frameworks\n";
		};
/* End PBXShellScriptBuildPhase section */

/* Begin PBXSourcesBuildPhase section */
		A44D78CA234F0C8700A8B095 /* Sources */ = {
			isa = PBXSourcesBuildPhase;
			buildActionMask = 2147483647;
			files = (
				A44D78D4234F0C8800A8B095 /* TableViewController.swift in Sources */,
				A44D78D2234F0C8800A8B095 /* AppDelegate.swift in Sources */,
				A40D4BEB2352FB6D00DC74DF /* CustomCell.swift in Sources */,
				A40D4B9F23503B1600DC74DF /* InputViewController.swift in Sources */,
				A40D4B9D2350125C00DC74DF /* trTodo.swift in Sources */,
			);
			runOnlyForDeploymentPostprocessing = 0;
		};
		A44D78DE234F0C8900A8B095 /* Sources */ = {
			isa = PBXSourcesBuildPhase;
			buildActionMask = 2147483647;
			files = (
				A44D78E7234F0C8900A8B095 /* __3_2_5Tests.swift in Sources */,
			);
			runOnlyForDeploymentPostprocessing = 0;
		};
		A44D78E9234F0C8900A8B095 /* Sources */ = {
			isa = PBXSourcesBuildPhase;
			buildActionMask = 2147483647;
			files = (
				A44D78F2234F0C8900A8B095 /* __3_2_5UITests.swift in Sources */,
			);
			runOnlyForDeploymentPostprocessing = 0;
		};
/* End PBXSourcesBuildPhase section */

/* Begin PBXTargetDependency section */
		A44D78E4234F0C8900A8B095 /* PBXTargetDependency */ = {
			isa = PBXTargetDependency;
			target = A44D78CD234F0C8700A8B095 /* 2-3-2~5 */;
			targetProxy = A44D78E3234F0C8900A8B095 /* PBXContainerItemProxy */;
		};
		A44D78EF234F0C8900A8B095 /* PBXTargetDependency */ = {
			isa = PBXTargetDependency;
			target = A44D78CD234F0C8700A8B095 /* 2-3-2~5 */;
			targetProxy = A44D78EE234F0C8900A8B095 /* PBXContainerItemProxy */;
		};
/* End PBXTargetDependency section */

/* Begin PBXVariantGroup section */
		A44D78D5234F0C8800A8B095 /* Main.storyboard */ = {
			isa = PBXVariantGroup;
			children = (
				A44D78D6234F0C8800A8B095 /* Base */,
			);
			name = Main.storyboard;
			sourceTree = "<group>";
		};
		A44D78DA234F0C8900A8B095 /* LaunchScreen.storyboard */ = {
			isa = PBXVariantGroup;
			children = (
				A44D78DB234F0C8900A8B095 /* Base */,
			);
			name = LaunchScreen.storyboard;
			sourceTree = "<group>";
		};
/* End PBXVariantGroup section */

/* Begin XCBuildConfiguration section */
		A44D78F4234F0C8A00A8B095 /* Debug */ = {
			isa = XCBuildConfiguration;
			buildSettings = {
				ALWAYS_SEARCH_USER_PATHS = NO;
				CLANG_ANALYZER_NONNULL = YES;
				CLANG_ANALYZER_NUMBER_OBJECT_CONVERSION = YES_AGGRESSIVE;
				CLANG_CXX_LANGUAGE_STANDARD = "gnu++14";
				CLANG_CXX_LIBRARY = "libc++";
				CLANG_ENABLE_MODULES = YES;
				CLANG_ENABLE_OBJC_ARC = YES;
				CLANG_ENABLE_OBJC_WEAK = YES;
				CLANG_WARN_BLOCK_CAPTURE_AUTORELEASING = YES;
				CLANG_WARN_BOOL_CONVERSION = YES;
				CLANG_WARN_COMMA = YES;
				CLANG_WARN_CONSTANT_CONVERSION = YES;
				CLANG_WARN_DEPRECATED_OBJC_IMPLEMENTATIONS = YES;
				CLANG_WARN_DIRECT_OBJC_ISA_USAGE = YES_ERROR;
				CLANG_WARN_DOCUMENTATION_COMMENTS = YES;
				CLANG_WARN_EMPTY_BODY = YES;
				CLANG_WARN_ENUM_CONVERSION = YES;
				CLANG_WARN_INFINITE_RECURSION = YES;
				CLANG_WARN_INT_CONVERSION = YES;
				CLANG_WARN_NON_LITERAL_NULL_CONVERSION = YES;
				CLANG_WARN_OBJC_IMPLICIT_RETAIN_SELF = YES;
				CLANG_WARN_OBJC_LITERAL_CONVERSION = YES;
				CLANG_WARN_OBJC_ROOT_CLASS = YES_ERROR;
				CLANG_WARN_RANGE_LOOP_ANALYSIS = YES;
				CLANG_WARN_STRICT_PROTOTYPES = YES;
				CLANG_WARN_SUSPICIOUS_MOVE = YES;
				CLANG_WARN_UNGUARDED_AVAILABILITY = YES_AGGRESSIVE;
				CLANG_WARN_UNREACHABLE_CODE = YES;
				CLANG_WARN__DUPLICATE_METHOD_MATCH = YES;
				CODE_SIGN_IDENTITY = "iPhone Developer";
				COPY_PHASE_STRIP = NO;
				DEBUG_INFORMATION_FORMAT = dwarf;
				ENABLE_STRICT_OBJC_MSGSEND = YES;
				ENABLE_TESTABILITY = YES;
				GCC_C_LANGUAGE_STANDARD = gnu11;
				GCC_DYNAMIC_NO_PIC = NO;
				GCC_NO_COMMON_BLOCKS = YES;
				GCC_OPTIMIZATION_LEVEL = 0;
				GCC_PREPROCESSOR_DEFINITIONS = (
					"DEBUG=1",
					"$(inherited)",
				);
				GCC_WARN_64_TO_32_BIT_CONVERSION = YES;
				GCC_WARN_ABOUT_RETURN_TYPE = YES_ERROR;
				GCC_WARN_UNDECLARED_SELECTOR = YES;
				GCC_WARN_UNINITIALIZED_AUTOS = YES_AGGRESSIVE;
				GCC_WARN_UNUSED_FUNCTION = YES;
				GCC_WARN_UNUSED_VARIABLE = YES;
				IPHONEOS_DEPLOYMENT_TARGET = 12.2;
				MTL_ENABLE_DEBUG_INFO = INCLUDE_SOURCE;
				MTL_FAST_MATH = YES;
				ONLY_ACTIVE_ARCH = YES;
				SDKROOT = iphoneos;
				SWIFT_ACTIVE_COMPILATION_CONDITIONS = DEBUG;
				SWIFT_OPTIMIZATION_LEVEL = "-Onone";
			};
			name = Debug;
		};
		A44D78F5234F0C8A00A8B095 /* Release */ = {
			isa = XCBuildConfiguration;
			buildSettings = {
				ALWAYS_SEARCH_USER_PATHS = NO;
				CLANG_ANALYZER_NONNULL = YES;
				CLANG_ANALYZER_NUMBER_OBJECT_CONVERSION = YES_AGGRESSIVE;
				CLANG_CXX_LANGUAGE_STANDARD = "gnu++14";
				CLANG_CXX_LIBRARY = "libc++";
				CLANG_ENABLE_MODULES = YES;
				CLANG_ENABLE_OBJC_ARC = YES;
				CLANG_ENABLE_OBJC_WEAK = YES;
				CLANG_WARN_BLOCK_CAPTURE_AUTORELEASING = YES;
				CLANG_WARN_BOOL_CONVERSION = YES;
				CLANG_WARN_COMMA = YES;
				CLANG_WARN_CONSTANT_CONVERSION = YES;
				CLANG_WARN_DEPRECATED_OBJC_IMPLEMENTATIONS = YES;
				CLANG_WARN_DIRECT_OBJC_ISA_USAGE = YES_ERROR;
				CLANG_WARN_DOCUMENTATION_COMMENTS = YES;
				CLANG_WARN_EMPTY_BODY = YES;
				CLANG_WARN_ENUM_CONVERSION = YES;
				CLANG_WARN_INFINITE_RECURSION = YES;
				CLANG_WARN_INT_CONVERSION = YES;
				CLANG_WARN_NON_LITERAL_NULL_CONVERSION = YES;
				CLANG_WARN_OBJC_IMPLICIT_RETAIN_SELF = YES;
				CLANG_WARN_OBJC_LITERAL_CONVERSION = YES;
				CLANG_WARN_OBJC_ROOT_CLASS = YES_ERROR;
				CLANG_WARN_RANGE_LOOP_ANALYSIS = YES;
				CLANG_WARN_STRICT_PROTOTYPES = YES;
				CLANG_WARN_SUSPICIOUS_MOVE = YES;
				CLANG_WARN_UNGUARDED_AVAILABILITY = YES_AGGRESSIVE;
				CLANG_WARN_UNREACHABLE_CODE = YES;
				CLANG_WARN__DUPLICATE_METHOD_MATCH = YES;
				CODE_SIGN_IDENTITY = "iPhone Developer";
				COPY_PHASE_STRIP = NO;
				DEBUG_INFORMATION_FORMAT = "dwarf-with-dsym";
				ENABLE_NS_ASSERTIONS = NO;
				ENABLE_STRICT_OBJC_MSGSEND = YES;
				GCC_C_LANGUAGE_STANDARD = gnu11;
				GCC_NO_COMMON_BLOCKS = YES;
				GCC_WARN_64_TO_32_BIT_CONVERSION = YES;
				GCC_WARN_ABOUT_RETURN_TYPE = YES_ERROR;
				GCC_WARN_UNDECLARED_SELECTOR = YES;
				GCC_WARN_UNINITIALIZED_AUTOS = YES_AGGRESSIVE;
				GCC_WARN_UNUSED_FUNCTION = YES;
				GCC_WARN_UNUSED_VARIABLE = YES;
				IPHONEOS_DEPLOYMENT_TARGET = 12.2;
				MTL_ENABLE_DEBUG_INFO = NO;
				MTL_FAST_MATH = YES;
				SDKROOT = iphoneos;
				SWIFT_COMPILATION_MODE = wholemodule;
				SWIFT_OPTIMIZATION_LEVEL = "-O";
				VALIDATE_PRODUCT = YES;
			};
			name = Release;
		};
		A44D78F7234F0C8A00A8B095 /* Debug */ = {
			isa = XCBuildConfiguration;
			buildSettings = {
				ASSETCATALOG_COMPILER_APPICON_NAME = AppIcon;
				CODE_SIGN_STYLE = Automatic;
				FRAMEWORK_SEARCH_PATHS = (
					"$(inherited)",
					"$(PROJECT_DIR)/Carthage/Build/iOS",
				);
				INFOPLIST_FILE = "2-3-2~5/Info.plist";
				LD_RUNPATH_SEARCH_PATHS = (
					"$(inherited)",
					"@executable_path/Frameworks",
				);
				PRODUCT_BUNDLE_IDENTIFIER = "jp.st-ventures..--3-2-5";
				PRODUCT_NAME = "$(TARGET_NAME)";
				SWIFT_VERSION = 5.0;
				TARGETED_DEVICE_FAMILY = "1,2";
			};
			name = Debug;
		};
		A44D78F8234F0C8A00A8B095 /* Release */ = {
			isa = XCBuildConfiguration;
			buildSettings = {
				ASSETCATALOG_COMPILER_APPICON_NAME = AppIcon;
				CODE_SIGN_STYLE = Automatic;
				FRAMEWORK_SEARCH_PATHS = (
					"$(inherited)",
					"$(PROJECT_DIR)/Carthage/Build/iOS",
				);
				INFOPLIST_FILE = "2-3-2~5/Info.plist";
				LD_RUNPATH_SEARCH_PATHS = (
					"$(inherited)",
					"@executable_path/Frameworks",
				);
				PRODUCT_BUNDLE_IDENTIFIER = "jp.st-ventures..--3-2-5";
				PRODUCT_NAME = "$(TARGET_NAME)";
				SWIFT_VERSION = 5.0;
				TARGETED_DEVICE_FAMILY = "1,2";
			};
			name = Release;
		};
		A44D78FA234F0C8A00A8B095 /* Debug */ = {
			isa = XCBuildConfiguration;
			buildSettings = {
				ALWAYS_EMBED_SWIFT_STANDARD_LIBRARIES = YES;
				BUNDLE_LOADER = "$(TEST_HOST)";
				CODE_SIGN_STYLE = Automatic;
				INFOPLIST_FILE = "2-3-2~5Tests/Info.plist";
				LD_RUNPATH_SEARCH_PATHS = (
					"$(inherited)",
					"@executable_path/Frameworks",
					"@loader_path/Frameworks",
				);
				PRODUCT_BUNDLE_IDENTIFIER = "jp.st-ventures..--3-2-5Tests";
				PRODUCT_NAME = "$(TARGET_NAME)";
				SWIFT_VERSION = 5.0;
				TARGETED_DEVICE_FAMILY = "1,2";
				TEST_HOST = "$(BUILT_PRODUCTS_DIR)/2-3-2~5.app/2-3-2~5";
			};
			name = Debug;
		};
		A44D78FB234F0C8A00A8B095 /* Release */ = {
			isa = XCBuildConfiguration;
			buildSettings = {
				ALWAYS_EMBED_SWIFT_STANDARD_LIBRARIES = YES;
				BUNDLE_LOADER = "$(TEST_HOST)";
				CODE_SIGN_STYLE = Automatic;
				INFOPLIST_FILE = "2-3-2~5Tests/Info.plist";
				LD_RUNPATH_SEARCH_PATHS = (
					"$(inherited)",
					"@executable_path/Frameworks",
					"@loader_path/Frameworks",
				);
				PRODUCT_BUNDLE_IDENTIFIER = "jp.st-ventures..--3-2-5Tests";
				PRODUCT_NAME = "$(TARGET_NAME)";
				SWIFT_VERSION = 5.0;
				TARGETED_DEVICE_FAMILY = "1,2";
				TEST_HOST = "$(BUILT_PRODUCTS_DIR)/2-3-2~5.app/2-3-2~5";
			};
			name = Release;
		};
		A44D78FD234F0C8A00A8B095 /* Debug */ = {
			isa = XCBuildConfiguration;
			buildSettings = {
				ALWAYS_EMBED_SWIFT_STANDARD_LIBRARIES = YES;
				CODE_SIGN_STYLE = Automatic;
				INFOPLIST_FILE = "2-3-2~5UITests/Info.plist";
				LD_RUNPATH_SEARCH_PATHS = (
					"$(inherited)",
					"@executable_path/Frameworks",
					"@loader_path/Frameworks",
				);
				PRODUCT_BUNDLE_IDENTIFIER = "jp.st-ventures..--3-2-5UITests";
				PRODUCT_NAME = "$(TARGET_NAME)";
				SWIFT_VERSION = 5.0;
				TARGETED_DEVICE_FAMILY = "1,2";
				TEST_TARGET_NAME = "2-3-2~5";
			};
			name = Debug;
		};
		A44D78FE234F0C8A00A8B095 /* Release */ = {
			isa = XCBuildConfiguration;
			buildSettings = {
				ALWAYS_EMBED_SWIFT_STANDARD_LIBRARIES = YES;
				CODE_SIGN_STYLE = Automatic;
				INFOPLIST_FILE = "2-3-2~5UITests/Info.plist";
				LD_RUNPATH_SEARCH_PATHS = (
					"$(inherited)",
					"@executable_path/Frameworks",
					"@loader_path/Frameworks",
				);
				PRODUCT_BUNDLE_IDENTIFIER = "jp.st-ventures..--3-2-5UITests";
				PRODUCT_NAME = "$(TARGET_NAME)";
				SWIFT_VERSION = 5.0;
				TARGETED_DEVICE_FAMILY = "1,2";
				TEST_TARGET_NAME = "2-3-2~5";
			};
			name = Release;
		};
/* End XCBuildConfiguration section */

/* Begin XCConfigurationList section */
		A44D78C9234F0C8700A8B095 /* Build configuration list for PBXProject "2-3-2~5" */ = {
			isa = XCConfigurationList;
			buildConfigurations = (
				A44D78F4234F0C8A00A8B095 /* Debug */,
				A44D78F5234F0C8A00A8B095 /* Release */,
			);
			defaultConfigurationIsVisible = 0;
			defaultConfigurationName = Release;
		};
		A44D78F6234F0C8A00A8B095 /* Build configuration list for PBXNativeTarget "2-3-2~5" */ = {
			isa = XCConfigurationList;
			buildConfigurations = (
				A44D78F7234F0C8A00A8B095 /* Debug */,
				A44D78F8234F0C8A00A8B095 /* Release */,
			);
			defaultConfigurationIsVisible = 0;
			defaultConfigurationName = Release;
		};
		A44D78F9234F0C8A00A8B095 /* Build configuration list for PBXNativeTarget "2-3-2~5Tests" */ = {
			isa = XCConfigurationList;
			buildConfigurations = (
				A44D78FA234F0C8A00A8B095 /* Debug */,
				A44D78FB234F0C8A00A8B095 /* Release */,
			);
			defaultConfigurationIsVisible = 0;
			defaultConfigurationName = Release;
		};
		A44D78FC234F0C8A00A8B095 /* Build configuration list for PBXNativeTarget "2-3-2~5UITests" */ = {
			isa = XCConfigurationList;
			buildConfigurations = (
				A44D78FD234F0C8A00A8B095 /* Debug */,
				A44D78FE234F0C8A00A8B095 /* Release */,
			);
			defaultConfigurationIsVisible = 0;
			defaultConfigurationName = Release;
		};
/* End XCConfigurationList section */
	};
	rootObject = A44D78C6234F0C8700A8B095 /* Project object */;
}
