PODS:
  - TwitterCore (3.2.0)
  - TwitterKit (3.4.2):
    - TwitterCore (>= 3.2.0)

DEPENDENCIES:
  - TwitterKit

SPEC REPOS:
  trunk:
    - TwitterCore
    - TwitterKit

SPEC CHECKSUMS:
  TwitterCore: 8cbc9ad34d91c63a0035ea05bfbfc0d7ca72a28c
  TwitterKit: 5e4f41d70b9abdb41df5467f52d7aa2c0fd26ebb

PODFILE CHECKSUM: 974106783a891fdc8a8be87f8f306d77bcf87236

COCOAPODS: 1.8.4
